// !$*UTF8*$!
{
	archiveVersion = 1;
	classes = {
	};
	objectVersion = 46;
	objects = {

/* Begin PBXBuildFile section */
		1AD4F7164158B9327CF791EC /* Pods_BasePods_dvach_browserTests.framework in Frameworks */ = {isa = PBXBuildFile; fileRef = 3440D7D943A9F826B25D24A6 /* Pods_BasePods_dvach_browserTests.framework */; };
		840BFBBB1AA1B08A007651D9 /* CoreGraphics.framework in Frameworks */ = {isa = PBXBuildFile; fileRef = 840BFBBA1AA1B08A007651D9 /* CoreGraphics.framework */; };
		8428B63A19EDAC74007973A8 /* UIKit.framework in Frameworks */ = {isa = PBXBuildFile; fileRef = 8428B63919EDAC74007973A8 /* UIKit.framework */; };
		842E84E219E729F800CB9740 /* Foundation.framework in Frameworks */ = {isa = PBXBuildFile; fileRef = 842E84E119E729F800CB9740 /* Foundation.framework */; };
		846D12A11BF0AE7C00BC523B /* Launch Screen.storyboard in Resources */ = {isa = PBXBuildFile; fileRef = 846D12A01BF0AE7C00BC523B /* Launch Screen.storyboard */; };
		84AA9A1319E5E5D2009C2811 /* SystemConfiguration.framework in Frameworks */ = {isa = PBXBuildFile; fileRef = 84AA9A1219E5E5D2009C2811 /* SystemConfiguration.framework */; };
		84CFC51919E1526E004D0BB8 /* Main.storyboard in Resources */ = {isa = PBXBuildFile; fileRef = 84CFC51719E1526E004D0BB8 /* Main.storyboard */; };
		84CFC51B19E1526E004D0BB8 /* Images.xcassets in Resources */ = {isa = PBXBuildFile; fileRef = 84CFC51A19E1526E004D0BB8 /* Images.xcassets */; };
		8EDB774422E7B249767C1C1D /* Pods_BasePods_dvach_browser.framework in Frameworks */ = {isa = PBXBuildFile; fileRef = DA6D360509028339F31549C7 /* Pods_BasePods_dvach_browser.framework */; };
		9432BEF31AC821650015CA9F /* CoreData.framework in Frameworks */ = {isa = PBXBuildFile; fileRef = 9432BEF21AC821650015CA9F /* CoreData.framework */; };
		9432BEF61AC821B40015CA9F /* dvach-browser.xcdatamodeld in Sources */ = {isa = PBXBuildFile; fileRef = 9432BEF41AC821B40015CA9F /* dvach-browser.xcdatamodeld */; };
		9437FD251B90DFDF004FFB22 /* Localizable.strings in Resources */ = {isa = PBXBuildFile; fileRef = 9437FD271B90DFDF004FFB22 /* Localizable.strings */; };
		948239AE1FABC12E008AC562 /* AVFoundation.framework in Frameworks */ = {isa = PBXBuildFile; fileRef = 948239AD1FABC12D008AC562 /* AVFoundation.framework */; };
		948239B01FABC132008AC562 /* AVKit.framework in Frameworks */ = {isa = PBXBuildFile; fileRef = 948239AF1FABC132008AC562 /* AVKit.framework */; };
		94E8E06D1B20CF88008761C6 /* DVBUrlNinjaTest.m in Sources */ = {isa = PBXBuildFile; fileRef = 94E8E06C1B20CF88008761C6 /* DVBUrlNinjaTest.m */; };
		94FC06A31C674E8D00813A68 /* libiconv.tbd in Frameworks */ = {isa = PBXBuildFile; fileRef = 94FC06A21C674E8D00813A68 /* libiconv.tbd */; };
		A154DD9D1EBE49640094ADF2 /* BadBoards.plist in Resources */ = {isa = PBXBuildFile; fileRef = A154DD981EBE49640094ADF2 /* BadBoards.plist */; };
		A154DD9E1EBE49640094ADF2 /* BoardCategories.plist in Resources */ = {isa = PBXBuildFile; fileRef = A154DD991EBE49640094ADF2 /* BoardCategories.plist */; };
		A154DD9F1EBE49640094ADF2 /* DefaultBoards.plist in Resources */ = {isa = PBXBuildFile; fileRef = A154DD9A1EBE49640094ADF2 /* DefaultBoards.plist */; };
		A154DDA11EBE49640094ADF2 /* Settings.bundle in Resources */ = {isa = PBXBuildFile; fileRef = A154DD9C1EBE49640094ADF2 /* Settings.bundle */; };
		A17A8B461E68BB9D002F6DE2 /* DVBWebmViewController.m in Sources */ = {isa = PBXBuildFile; fileRef = A17A8B451E68BB9D002F6DE2 /* DVBWebmViewController.m */; };
		A1BDC0AB1E6B571700ACBB36 /* DVBThreadNode.m in Sources */ = {isa = PBXBuildFile; fileRef = A1BDC0AA1E6B571700ACBB36 /* DVBThreadNode.m */; };
		A1BDC0B31E6B639E00ACBB36 /* DVBMediaButtonNode.m in Sources */ = {isa = PBXBuildFile; fileRef = A1BDC0B01E6B639E00ACBB36 /* DVBMediaButtonNode.m */; };
		A1BDC0B41E6B639E00ACBB36 /* DVBPostNode.m in Sources */ = {isa = PBXBuildFile; fileRef = A1BDC0B21E6B639E00ACBB36 /* DVBPostNode.m */; };
		A1BDC0B71E6B63F700ACBB36 /* DVBAsyncBoardViewController.m in Sources */ = {isa = PBXBuildFile; fileRef = A1BDC0B61E6B63F700ACBB36 /* DVBAsyncBoardViewController.m */; };
		A1BDC0CA1E6B650400ACBB36 /* DVBAddPhotoIconImageView.m in Sources */ = {isa = PBXBuildFile; fileRef = A1BDC0C31E6B650400ACBB36 /* DVBAddPhotoIconImageView.m */; };
		A1BDC0CB1E6B650400ACBB36 /* DVBAddPhotoIconImageViewContainer.m in Sources */ = {isa = PBXBuildFile; fileRef = A1BDC0C51E6B650400ACBB36 /* DVBAddPhotoIconImageViewContainer.m */; };
		A1BDC0CC1E6B650400ACBB36 /* DVBContainerForPostElements.m in Sources */ = {isa = PBXBuildFile; fileRef = A1BDC0C71E6B650400ACBB36 /* DVBContainerForPostElements.m */; };
		A1BDC0CD1E6B650400ACBB36 /* DVBCreatePostScrollView.m in Sources */ = {isa = PBXBuildFile; fileRef = A1BDC0C91E6B650400ACBB36 /* DVBCreatePostScrollView.m */; };
		A1BDC0D41E6B656600ACBB36 /* DVBMarkupButton.m in Sources */ = {isa = PBXBuildFile; fileRef = A1BDC0CF1E6B656600ACBB36 /* DVBMarkupButton.m */; };
		A1BDC0D51E6B656600ACBB36 /* DVBPictureToSendPreviewImageView.m in Sources */ = {isa = PBXBuildFile; fileRef = A1BDC0D11E6B656600ACBB36 /* DVBPictureToSendPreviewImageView.m */; };
		A1BDC0D61E6B656600ACBB36 /* DVBPostPhotoContainerView.m in Sources */ = {isa = PBXBuildFile; fileRef = A1BDC0D31E6B656600ACBB36 /* DVBPostPhotoContainerView.m */; };
		A1BDC0DA1E6B65AE00ACBB36 /* DVBLoadingStatusView.m in Sources */ = {isa = PBXBuildFile; fileRef = A1BDC0D81E6B65AE00ACBB36 /* DVBLoadingStatusView.m */; };
		A1BDC0DB1E6B65AE00ACBB36 /* DVBLoadingStatusView.xib in Resources */ = {isa = PBXBuildFile; fileRef = A1BDC0D91E6B65AE00ACBB36 /* DVBLoadingStatusView.xib */; };
		A1BDC0E31E6B660600ACBB36 /* DVBBoardsViewController.m in Sources */ = {isa = PBXBuildFile; fileRef = A1BDC0E21E6B660600ACBB36 /* DVBBoardsViewController.m */; };
		A1BDC0E61E6B663E00ACBB36 /* DVBCommonTableViewController.m in Sources */ = {isa = PBXBuildFile; fileRef = A1BDC0E51E6B663E00ACBB36 /* DVBCommonTableViewController.m */; };
		A1BDC0EE1E6B669600ACBB36 /* DVBDvachCaptchaViewController.m in Sources */ = {isa = PBXBuildFile; fileRef = A1BDC0EC1E6B669600ACBB36 /* DVBDvachCaptchaViewController.m */; };
		A1BDC0EF1E6B669600ACBB36 /* DVBDvachCaptchaViewController.xib in Resources */ = {isa = PBXBuildFile; fileRef = A1BDC0ED1E6B669600ACBB36 /* DVBDvachCaptchaViewController.xib */; };
		A1D289761E63160D000EEEB1 /* brokenHeader.jpg in Resources */ = {isa = PBXBuildFile; fileRef = A1D289751E63160D000EEEB1 /* brokenHeader.jpg */; };
		A1D2897D1E631ED4000EEEB1 /* DVBNetworkImageFixerTests.m in Sources */ = {isa = PBXBuildFile; fileRef = A1D2897C1E631ED4000EEEB1 /* DVBNetworkImageFixerTests.m */; };
		A1FC043E1E5A0F7A008C3577 /* DVBAsyncThreadViewController.m in Sources */ = {isa = PBXBuildFile; fileRef = A1FC043D1E5A0F7A008C3577 /* DVBAsyncThreadViewController.m */; };
		A1FC04411E5A0FA7008C3577 /* DVBThreadModel.m in Sources */ = {isa = PBXBuildFile; fileRef = A1FC04401E5A0FA7008C3577 /* DVBThreadModel.m */; };
		A1FC04441E5A0FF3008C3577 /* DVBPostPreparation.m in Sources */ = {isa = PBXBuildFile; fileRef = A1FC04431E5A0FF3008C3577 /* DVBPostPreparation.m */; };
		A1FC044D1E5A1064008C3577 /* DVBBrowserViewControllerBuilder.m in Sources */ = {isa = PBXBuildFile; fileRef = A1FC044C1E5A1064008C3577 /* DVBBrowserViewControllerBuilder.m */; };
		A1FC04501E5A10C2008C3577 /* DVBThreadUIGenerator.m in Sources */ = {isa = PBXBuildFile; fileRef = A1FC044F1E5A10C2008C3577 /* DVBThreadUIGenerator.m */; };
		E11B9D6324BF4A040061E063 /* AppDelegate.swift in Sources */ = {isa = PBXBuildFile; fileRef = E11B9D6224BF4A040061E063 /* AppDelegate.swift */; };
		E1410FDF251353E5001EDAB6 /* DVBThreadDelegate.swift in Sources */ = {isa = PBXBuildFile; fileRef = E1410FDE251353E5001EDAB6 /* DVBThreadDelegate.swift */; };
		E1410FE125135422001EDAB6 /* DVBCreatePostViewControllerDelegate.swift in Sources */ = {isa = PBXBuildFile; fileRef = E1410FE025135422001EDAB6 /* DVBCreatePostViewControllerDelegate.swift */; };
		E1410FE3251354A8001EDAB6 /* DVBCreatePostViewController.swift in Sources */ = {isa = PBXBuildFile; fileRef = E1410FE2251354A8001EDAB6 /* DVBCreatePostViewController.swift */; };
		E14E085A24DD66D200550AA3 /* DVBPostStyler.swift in Sources */ = {isa = PBXBuildFile; fileRef = E14E085924DD66D200550AA3 /* DVBPostStyler.swift */; };
		E14E085C24DD671100550AA3 /* DVBBoardStyler.swift in Sources */ = {isa = PBXBuildFile; fileRef = E14E085B24DD671100550AA3 /* DVBBoardStyler.swift */; };
		E150A32024E690FB00C4AA88 /* DVBMediaOpener.swift in Sources */ = {isa = PBXBuildFile; fileRef = E150A31F24E690FB00C4AA88 /* DVBMediaOpener.swift */; };
		E15E1379252C39960083BFCD /* DVBPostViewGenerator.swift in Sources */ = {isa = PBXBuildFile; fileRef = E15E1378252C39960083BFCD /* DVBPostViewGenerator.swift */; };
		E17688A3252DBAC5005FBAAC /* DVBAlertGenerator.swift in Sources */ = {isa = PBXBuildFile; fileRef = E17688A2252DBAC5005FBAAC /* DVBAlertGenerator.swift */; };
		E17688AA252DBF3C005FBAAC /* DVBAgreementViewController.swift in Sources */ = {isa = PBXBuildFile; fileRef = E17688A9252DBF3C005FBAAC /* DVBAgreementViewController.swift */; };
		E17AA51824C099A700E886F1 /* DVBBoardModel.swift in Sources */ = {isa = PBXBuildFile; fileRef = E17AA51724C099A700E886F1 /* DVBBoardModel.swift */; };
		E17DA0D224DBF7B300ABADFF /* DVBComment.swift in Sources */ = {isa = PBXBuildFile; fileRef = E17DA0D124DBF7B300ABADFF /* DVBComment.swift */; };
		E17DA0D424DBFAAE00ABADFF /* DVBCaptchaManager.swift in Sources */ = {isa = PBXBuildFile; fileRef = E17DA0D324DBFAAE00ABADFF /* DVBCaptchaManager.swift */; };
		E17DA0D624DBFB8500ABADFF /* DVBMessagePostServerAnswer.swift in Sources */ = {isa = PBXBuildFile; fileRef = E17DA0D524DBFB8500ABADFF /* DVBMessagePostServerAnswer.swift */; };
		E17DA0D824DBFC7900ABADFF /* DVBPostViewModel.swift in Sources */ = {isa = PBXBuildFile; fileRef = E17DA0D724DBFC7900ABADFF /* DVBPostViewModel.swift */; };
		E185395E24C1794A00CB2D40 /* DVBNetworking.swift in Sources */ = {isa = PBXBuildFile; fileRef = E185395D24C1794A00CB2D40 /* DVBNetworking.swift */; };
		E185396024C17ED100CB2D40 /* DVBCommon.swift in Sources */ = {isa = PBXBuildFile; fileRef = E185395F24C17ED100CB2D40 /* DVBCommon.swift */; };
		E185AD6124D4299D00EC958B /* DVBBoard.swift in Sources */ = {isa = PBXBuildFile; fileRef = E185AD6024D4299D00EC958B /* DVBBoard.swift */; };
		E185AD6324D42C1500EC958B /* DVBThread.swift in Sources */ = {isa = PBXBuildFile; fileRef = E185AD6224D42C1500EC958B /* DVBThread.swift */; };
		E1902DFE24D2C44300FC7F6C /* DVBValidation.swift in Sources */ = {isa = PBXBuildFile; fileRef = E1902DFD24D2C44300FC7F6C /* DVBValidation.swift */; };
		E1C1815F25302FF90001DB04 /* DVBGalleryTransition.swift in Sources */ = {isa = PBXBuildFile; fileRef = E1C1815E25302FF90001DB04 /* DVBGalleryTransition.swift */; };
		E1C1821025303EBE0001DB04 /* DVBBoardTableViewCell.swift in Sources */ = {isa = PBXBuildFile; fileRef = E1C1820F25303EBE0001DB04 /* DVBBoardTableViewCell.swift */; };
		E1C99CEC24D7EC7100B88C94 /* UrlNinja.swift in Sources */ = {isa = PBXBuildFile; fileRef = E1C99CEB24D7EC7100B88C94 /* UrlNinja.swift */; };
		E1C99CEE24D81C2C00B88C94 /* DVBPost.swift in Sources */ = {isa = PBXBuildFile; fileRef = E1C99CED24D81C2C00B88C94 /* DVBPost.swift */; };
		E1D855AE2511FED400778AE9 /* UIImage+DVBImageExtention.swift in Sources */ = {isa = PBXBuildFile; fileRef = E1D855AD2511FED400778AE9 /* UIImage+DVBImageExtention.swift */; };
		E1D855B0251203B100778AE9 /* UIImage+DVBOpaqueImage.swift in Sources */ = {isa = PBXBuildFile; fileRef = E1D855AF251203B100778AE9 /* UIImage+DVBOpaqueImage.swift */; };
		E1D855B22512047A00778AE9 /* NSNotification+DVBBookmarkThreadNotification.swift in Sources */ = {isa = PBXBuildFile; fileRef = E1D855B12512047A00778AE9 /* NSNotification+DVBBookmarkThreadNotification.swift */; };
		E1D855B4251205F000778AE9 /* DVBCaptchaHelper.swift in Sources */ = {isa = PBXBuildFile; fileRef = E1D855B3251205F000778AE9 /* DVBCaptchaHelper.swift */; };
		E1E4AB5224C0649000CB9263 /* DVBConstants.m in Sources */ = {isa = PBXBuildFile; fileRef = E1E4AB5124C0649000CB9263 /* DVBConstants.m */; };
		E1E4AB5424C0668000CB9263 /* DVBConstants.swift in Sources */ = {isa = PBXBuildFile; fileRef = E1E4AB5324C0668000CB9263 /* DVBConstants.swift */; };
		E1E4AB5624C0668900CB9263 /* DVBDefaultsManager.swift in Sources */ = {isa = PBXBuildFile; fileRef = E1E4AB5524C0668900CB9263 /* DVBDefaultsManager.swift */; };
		E1F05E1424CFDEE500D6D3EE /* DVBBoardsModel.swift in Sources */ = {isa = PBXBuildFile; fileRef = E1F05E1324CFDEE500D6D3EE /* DVBBoardsModel.swift */; };
		E1F05E1924CFE17C00D6D3EE /* DVBRouter.swift in Sources */ = {isa = PBXBuildFile; fileRef = E1F05E1824CFE17C00D6D3EE /* DVBRouter.swift */; };
		E1F05E1B24D00ABB00D6D3EE /* DVBDatabaseManager.swift in Sources */ = {isa = PBXBuildFile; fileRef = E1F05E1A24D00ABB00D6D3EE /* DVBDatabaseManager.swift */; };
		E1F05E1D24D00CDB00D6D3EE /* DVBUrls.swift in Sources */ = {isa = PBXBuildFile; fileRef = E1F05E1C24D00CDB00D6D3EE /* DVBUrls.swift */; };
		E1F978E424E3FD8400A037C9 /* DVDateFormatter.swift in Sources */ = {isa = PBXBuildFile; fileRef = E1F978E324E3FD8400A037C9 /* DVDateFormatter.swift */; };
/* End PBXBuildFile section */

/* Begin PBXContainerItemProxy section */
		84CFC52419E1526E004D0BB8 /* PBXContainerItemProxy */ = {
			isa = PBXContainerItemProxy;
			containerPortal = 84CFC50219E1526E004D0BB8 /* Project object */;
			proxyType = 1;
			remoteGlobalIDString = 84CFC50919E1526E004D0BB8;
			remoteInfo = "dvach-browser";
		};
/* End PBXContainerItemProxy section */

/* Begin PBXFileReference section */
		16E05AB79E8C2A1134B2FF61 /* Pods-BasePods-dvach-browser.debug.xcconfig */ = {isa = PBXFileReference; includeInIndex = 1; lastKnownFileType = text.xcconfig; name = "Pods-BasePods-dvach-browser.debug.xcconfig"; path = "Pods/Target Support Files/Pods-BasePods-dvach-browser/Pods-BasePods-dvach-browser.debug.xcconfig"; sourceTree = "<group>"; };
		24704D5E096DD80DBD0AD4EC /* Pods.debug.xcconfig */ = {isa = PBXFileReference; includeInIndex = 1; lastKnownFileType = text.xcconfig; name = Pods.debug.xcconfig; path = "Pods/Target Support Files/Pods/Pods.debug.xcconfig"; sourceTree = "<group>"; };
		3440D7D943A9F826B25D24A6 /* Pods_BasePods_dvach_browserTests.framework */ = {isa = PBXFileReference; explicitFileType = wrapper.framework; includeInIndex = 0; path = Pods_BasePods_dvach_browserTests.framework; sourceTree = BUILT_PRODUCTS_DIR; };
		840BFBBA1AA1B08A007651D9 /* CoreGraphics.framework */ = {isa = PBXFileReference; lastKnownFileType = wrapper.framework; name = CoreGraphics.framework; path = System/Library/Frameworks/CoreGraphics.framework; sourceTree = SDKROOT; };
		8428B63919EDAC74007973A8 /* UIKit.framework */ = {isa = PBXFileReference; lastKnownFileType = wrapper.framework; name = UIKit.framework; path = System/Library/Frameworks/UIKit.framework; sourceTree = SDKROOT; };
		842E84E119E729F800CB9740 /* Foundation.framework */ = {isa = PBXFileReference; lastKnownFileType = wrapper.framework; name = Foundation.framework; path = System/Library/Frameworks/Foundation.framework; sourceTree = SDKROOT; };
		846D12A01BF0AE7C00BC523B /* Launch Screen.storyboard */ = {isa = PBXFileReference; fileEncoding = 4; lastKnownFileType = file.storyboard; path = "Launch Screen.storyboard"; sourceTree = "<group>"; };
		84AA9A1219E5E5D2009C2811 /* SystemConfiguration.framework */ = {isa = PBXFileReference; lastKnownFileType = wrapper.framework; name = SystemConfiguration.framework; path = System/Library/Frameworks/SystemConfiguration.framework; sourceTree = SDKROOT; };
		84CFC50A19E1526E004D0BB8 /* dvach-browser.app */ = {isa = PBXFileReference; explicitFileType = wrapper.application; includeInIndex = 0; path = "dvach-browser.app"; sourceTree = BUILT_PRODUCTS_DIR; };
		84CFC51819E1526E004D0BB8 /* Base */ = {isa = PBXFileReference; lastKnownFileType = file.storyboard; name = Base; path = Base.lproj/Main.storyboard; sourceTree = "<group>"; };
		84CFC51A19E1526E004D0BB8 /* Images.xcassets */ = {isa = PBXFileReference; lastKnownFileType = folder.assetcatalog; path = Images.xcassets; sourceTree = "<group>"; };
		84CFC52319E1526E004D0BB8 /* dvach-browserTests.xctest */ = {isa = PBXFileReference; explicitFileType = wrapper.cfbundle; includeInIndex = 0; path = "dvach-browserTests.xctest"; sourceTree = BUILT_PRODUCTS_DIR; };
		84CFC52819E1526E004D0BB8 /* Info.plist */ = {isa = PBXFileReference; lastKnownFileType = text.plist.xml; path = Info.plist; sourceTree = "<group>"; };
		8B86A1FA1CD0BE0D673988F6 /* Pods.release.xcconfig */ = {isa = PBXFileReference; includeInIndex = 1; lastKnownFileType = text.xcconfig; name = Pods.release.xcconfig; path = "Pods/Target Support Files/Pods/Pods.release.xcconfig"; sourceTree = "<group>"; };
		9432BEF21AC821650015CA9F /* CoreData.framework */ = {isa = PBXFileReference; lastKnownFileType = wrapper.framework; name = CoreData.framework; path = System/Library/Frameworks/CoreData.framework; sourceTree = SDKROOT; };
		9432BEF51AC821B40015CA9F /* dvach-browser.xcdatamodel */ = {isa = PBXFileReference; lastKnownFileType = wrapper.xcdatamodel; path = "dvach-browser.xcdatamodel"; sourceTree = "<group>"; };
		9437FD131B90DDB8004FFB22 /* DVBCommon.h */ = {isa = PBXFileReference; fileEncoding = 4; lastKnownFileType = sourcecode.c.h; name = DVBCommon.h; path = Models/DVBCommon.h; sourceTree = "<group>"; };
		9437FD261B90DFDF004FFB22 /* en */ = {isa = PBXFileReference; lastKnownFileType = text.plist.strings; name = en; path = en.lproj/Localizable.strings; sourceTree = "<group>"; };
		9437FD281B90DFE2004FFB22 /* ru */ = {isa = PBXFileReference; lastKnownFileType = text.plist.strings; name = ru; path = ru.lproj/Localizable.strings; sourceTree = "<group>"; };
		948239AD1FABC12D008AC562 /* AVFoundation.framework */ = {isa = PBXFileReference; lastKnownFileType = wrapper.framework; name = AVFoundation.framework; path = System/Library/Frameworks/AVFoundation.framework; sourceTree = SDKROOT; };
		948239AF1FABC132008AC562 /* AVKit.framework */ = {isa = PBXFileReference; lastKnownFileType = wrapper.framework; name = AVKit.framework; path = System/Library/Frameworks/AVKit.framework; sourceTree = SDKROOT; };
		94E8E06C1B20CF88008761C6 /* DVBUrlNinjaTest.m */ = {isa = PBXFileReference; fileEncoding = 4; lastKnownFileType = sourcecode.c.objc; path = DVBUrlNinjaTest.m; sourceTree = "<group>"; };
		94FC06A21C674E8D00813A68 /* libiconv.tbd */ = {isa = PBXFileReference; lastKnownFileType = "sourcecode.text-based-dylib-definition"; name = libiconv.tbd; path = usr/lib/libiconv.tbd; sourceTree = SDKROOT; };
		A154DD981EBE49640094ADF2 /* BadBoards.plist */ = {isa = PBXFileReference; fileEncoding = 4; lastKnownFileType = text.plist.xml; name = BadBoards.plist; path = Support/BadBoards.plist; sourceTree = "<group>"; };
		A154DD991EBE49640094ADF2 /* BoardCategories.plist */ = {isa = PBXFileReference; fileEncoding = 4; lastKnownFileType = text.plist.xml; name = BoardCategories.plist; path = Support/BoardCategories.plist; sourceTree = "<group>"; };
		A154DD9A1EBE49640094ADF2 /* DefaultBoards.plist */ = {isa = PBXFileReference; fileEncoding = 4; lastKnownFileType = text.plist.xml; name = DefaultBoards.plist; path = Support/DefaultBoards.plist; sourceTree = "<group>"; };
		A154DD9B1EBE49640094ADF2 /* Info.plist */ = {isa = PBXFileReference; fileEncoding = 4; lastKnownFileType = text.plist.xml; name = Info.plist; path = Support/Info.plist; sourceTree = "<group>"; };
		A154DD9C1EBE49640094ADF2 /* Settings.bundle */ = {isa = PBXFileReference; lastKnownFileType = "wrapper.plug-in"; name = Settings.bundle; path = Support/Settings.bundle; sourceTree = "<group>"; };
		A17A8B441E68BB9D002F6DE2 /* DVBWebmViewController.h */ = {isa = PBXFileReference; fileEncoding = 4; lastKnownFileType = sourcecode.c.h; name = DVBWebmViewController.h; path = Modules/WebmScreen/DVBWebmViewController.h; sourceTree = "<group>"; };
		A17A8B451E68BB9D002F6DE2 /* DVBWebmViewController.m */ = {isa = PBXFileReference; fileEncoding = 4; lastKnownFileType = sourcecode.c.objc; name = DVBWebmViewController.m; path = Modules/WebmScreen/DVBWebmViewController.m; sourceTree = "<group>"; };
		A1BDC0A91E6B571700ACBB36 /* DVBThreadNode.h */ = {isa = PBXFileReference; fileEncoding = 4; lastKnownFileType = sourcecode.c.h; name = DVBThreadNode.h; path = Modules/BoardScreen/View/DVBThreadNode.h; sourceTree = "<group>"; };
		A1BDC0AA1E6B571700ACBB36 /* DVBThreadNode.m */ = {isa = PBXFileReference; fileEncoding = 4; lastKnownFileType = sourcecode.c.objc; name = DVBThreadNode.m; path = Modules/BoardScreen/View/DVBThreadNode.m; sourceTree = "<group>"; };
		A1BDC0AF1E6B639E00ACBB36 /* DVBMediaButtonNode.h */ = {isa = PBXFileReference; fileEncoding = 4; lastKnownFileType = sourcecode.c.h; name = DVBMediaButtonNode.h; path = Modules/ThreadScreen/View/DVBMediaButtonNode.h; sourceTree = "<group>"; };
		A1BDC0B01E6B639E00ACBB36 /* DVBMediaButtonNode.m */ = {isa = PBXFileReference; fileEncoding = 4; lastKnownFileType = sourcecode.c.objc; name = DVBMediaButtonNode.m; path = Modules/ThreadScreen/View/DVBMediaButtonNode.m; sourceTree = "<group>"; };
		A1BDC0B11E6B639E00ACBB36 /* DVBPostNode.h */ = {isa = PBXFileReference; fileEncoding = 4; lastKnownFileType = sourcecode.c.h; name = DVBPostNode.h; path = Modules/ThreadScreen/View/DVBPostNode.h; sourceTree = "<group>"; };
		A1BDC0B21E6B639E00ACBB36 /* DVBPostNode.m */ = {isa = PBXFileReference; fileEncoding = 4; lastKnownFileType = sourcecode.c.objc; name = DVBPostNode.m; path = Modules/ThreadScreen/View/DVBPostNode.m; sourceTree = "<group>"; };
		A1BDC0B51E6B63F700ACBB36 /* DVBAsyncBoardViewController.h */ = {isa = PBXFileReference; fileEncoding = 4; lastKnownFileType = sourcecode.c.h; name = DVBAsyncBoardViewController.h; path = Modules/BoardScreen/DVBAsyncBoardViewController.h; sourceTree = "<group>"; };
		A1BDC0B61E6B63F700ACBB36 /* DVBAsyncBoardViewController.m */ = {isa = PBXFileReference; fileEncoding = 4; lastKnownFileType = sourcecode.c.objc; name = DVBAsyncBoardViewController.m; path = Modules/BoardScreen/DVBAsyncBoardViewController.m; sourceTree = "<group>"; };
		A1BDC0C21E6B650400ACBB36 /* DVBAddPhotoIconImageView.h */ = {isa = PBXFileReference; fileEncoding = 4; lastKnownFileType = sourcecode.c.h; name = DVBAddPhotoIconImageView.h; path = Modules/CreateScreen/View/DVBAddPhotoIconImageView.h; sourceTree = "<group>"; };
		A1BDC0C31E6B650400ACBB36 /* DVBAddPhotoIconImageView.m */ = {isa = PBXFileReference; fileEncoding = 4; lastKnownFileType = sourcecode.c.objc; name = DVBAddPhotoIconImageView.m; path = Modules/CreateScreen/View/DVBAddPhotoIconImageView.m; sourceTree = "<group>"; };
		A1BDC0C41E6B650400ACBB36 /* DVBAddPhotoIconImageViewContainer.h */ = {isa = PBXFileReference; fileEncoding = 4; lastKnownFileType = sourcecode.c.h; name = DVBAddPhotoIconImageViewContainer.h; path = Modules/CreateScreen/View/DVBAddPhotoIconImageViewContainer.h; sourceTree = "<group>"; };
		A1BDC0C51E6B650400ACBB36 /* DVBAddPhotoIconImageViewContainer.m */ = {isa = PBXFileReference; fileEncoding = 4; lastKnownFileType = sourcecode.c.objc; name = DVBAddPhotoIconImageViewContainer.m; path = Modules/CreateScreen/View/DVBAddPhotoIconImageViewContainer.m; sourceTree = "<group>"; };
		A1BDC0C61E6B650400ACBB36 /* DVBContainerForPostElements.h */ = {isa = PBXFileReference; fileEncoding = 4; lastKnownFileType = sourcecode.c.h; name = DVBContainerForPostElements.h; path = Modules/CreateScreen/View/DVBContainerForPostElements.h; sourceTree = "<group>"; };
		A1BDC0C71E6B650400ACBB36 /* DVBContainerForPostElements.m */ = {isa = PBXFileReference; fileEncoding = 4; lastKnownFileType = sourcecode.c.objc; name = DVBContainerForPostElements.m; path = Modules/CreateScreen/View/DVBContainerForPostElements.m; sourceTree = "<group>"; };
		A1BDC0C81E6B650400ACBB36 /* DVBCreatePostScrollView.h */ = {isa = PBXFileReference; fileEncoding = 4; lastKnownFileType = sourcecode.c.h; name = DVBCreatePostScrollView.h; path = Modules/CreateScreen/View/DVBCreatePostScrollView.h; sourceTree = "<group>"; };
		A1BDC0C91E6B650400ACBB36 /* DVBCreatePostScrollView.m */ = {isa = PBXFileReference; fileEncoding = 4; lastKnownFileType = sourcecode.c.objc; name = DVBCreatePostScrollView.m; path = Modules/CreateScreen/View/DVBCreatePostScrollView.m; sourceTree = "<group>"; };
		A1BDC0CE1E6B656600ACBB36 /* DVBMarkupButton.h */ = {isa = PBXFileReference; fileEncoding = 4; lastKnownFileType = sourcecode.c.h; name = DVBMarkupButton.h; path = Modules/CreateScreen/View/DVBMarkupButton.h; sourceTree = "<group>"; };
		A1BDC0CF1E6B656600ACBB36 /* DVBMarkupButton.m */ = {isa = PBXFileReference; fileEncoding = 4; lastKnownFileType = sourcecode.c.objc; name = DVBMarkupButton.m; path = Modules/CreateScreen/View/DVBMarkupButton.m; sourceTree = "<group>"; };
		A1BDC0D01E6B656600ACBB36 /* DVBPictureToSendPreviewImageView.h */ = {isa = PBXFileReference; fileEncoding = 4; lastKnownFileType = sourcecode.c.h; name = DVBPictureToSendPreviewImageView.h; path = Modules/CreateScreen/View/DVBPictureToSendPreviewImageView.h; sourceTree = "<group>"; };
		A1BDC0D11E6B656600ACBB36 /* DVBPictureToSendPreviewImageView.m */ = {isa = PBXFileReference; fileEncoding = 4; lastKnownFileType = sourcecode.c.objc; name = DVBPictureToSendPreviewImageView.m; path = Modules/CreateScreen/View/DVBPictureToSendPreviewImageView.m; sourceTree = "<group>"; };
		A1BDC0D21E6B656600ACBB36 /* DVBPostPhotoContainerView.h */ = {isa = PBXFileReference; fileEncoding = 4; lastKnownFileType = sourcecode.c.h; name = DVBPostPhotoContainerView.h; path = Modules/CreateScreen/View/DVBPostPhotoContainerView.h; sourceTree = "<group>"; };
		A1BDC0D31E6B656600ACBB36 /* DVBPostPhotoContainerView.m */ = {isa = PBXFileReference; fileEncoding = 4; lastKnownFileType = sourcecode.c.objc; name = DVBPostPhotoContainerView.m; path = Modules/CreateScreen/View/DVBPostPhotoContainerView.m; sourceTree = "<group>"; };
		A1BDC0D71E6B65AE00ACBB36 /* DVBLoadingStatusView.h */ = {isa = PBXFileReference; fileEncoding = 4; lastKnownFileType = sourcecode.c.h; name = DVBLoadingStatusView.h; path = Modules/ThreadScreen/View/DVBLoadingStatusView.h; sourceTree = "<group>"; };
		A1BDC0D81E6B65AE00ACBB36 /* DVBLoadingStatusView.m */ = {isa = PBXFileReference; fileEncoding = 4; lastKnownFileType = sourcecode.c.objc; name = DVBLoadingStatusView.m; path = Modules/ThreadScreen/View/DVBLoadingStatusView.m; sourceTree = "<group>"; };
		A1BDC0D91E6B65AE00ACBB36 /* DVBLoadingStatusView.xib */ = {isa = PBXFileReference; fileEncoding = 4; lastKnownFileType = file.xib; name = DVBLoadingStatusView.xib; path = Modules/ThreadScreen/View/DVBLoadingStatusView.xib; sourceTree = "<group>"; };
		A1BDC0E11E6B660600ACBB36 /* DVBBoardsViewController.h */ = {isa = PBXFileReference; fileEncoding = 4; lastKnownFileType = sourcecode.c.h; name = DVBBoardsViewController.h; path = Modules/BoardsScreen/DVBBoardsViewController.h; sourceTree = "<group>"; };
		A1BDC0E21E6B660600ACBB36 /* DVBBoardsViewController.m */ = {isa = PBXFileReference; fileEncoding = 4; lastKnownFileType = sourcecode.c.objc; name = DVBBoardsViewController.m; path = Modules/BoardsScreen/DVBBoardsViewController.m; sourceTree = "<group>"; };
		A1BDC0E41E6B663E00ACBB36 /* DVBCommonTableViewController.h */ = {isa = PBXFileReference; fileEncoding = 4; lastKnownFileType = sourcecode.c.h; name = DVBCommonTableViewController.h; path = Modules/BoardsScreen/DVBCommonTableViewController.h; sourceTree = "<group>"; };
		A1BDC0E51E6B663E00ACBB36 /* DVBCommonTableViewController.m */ = {isa = PBXFileReference; fileEncoding = 4; lastKnownFileType = sourcecode.c.objc; name = DVBCommonTableViewController.m; path = Modules/BoardsScreen/DVBCommonTableViewController.m; sourceTree = "<group>"; };
		A1BDC0EB1E6B669600ACBB36 /* DVBDvachCaptchaViewController.h */ = {isa = PBXFileReference; fileEncoding = 4; lastKnownFileType = sourcecode.c.h; name = DVBDvachCaptchaViewController.h; path = Modules/CaptchaScreen/DVBDvachCaptchaViewController.h; sourceTree = "<group>"; };
		A1BDC0EC1E6B669600ACBB36 /* DVBDvachCaptchaViewController.m */ = {isa = PBXFileReference; fileEncoding = 4; lastKnownFileType = sourcecode.c.objc; name = DVBDvachCaptchaViewController.m; path = Modules/CaptchaScreen/DVBDvachCaptchaViewController.m; sourceTree = "<group>"; };
		A1BDC0ED1E6B669600ACBB36 /* DVBDvachCaptchaViewController.xib */ = {isa = PBXFileReference; fileEncoding = 4; lastKnownFileType = file.xib; name = DVBDvachCaptchaViewController.xib; path = Modules/CaptchaScreen/DVBDvachCaptchaViewController.xib; sourceTree = "<group>"; };
		A1D289751E63160D000EEEB1 /* brokenHeader.jpg */ = {isa = PBXFileReference; lastKnownFileType = image.jpeg; name = brokenHeader.jpg; path = Support/brokenHeader.jpg; sourceTree = "<group>"; };
		A1D2897C1E631ED4000EEEB1 /* DVBNetworkImageFixerTests.m */ = {isa = PBXFileReference; fileEncoding = 4; lastKnownFileType = sourcecode.c.objc; path = DVBNetworkImageFixerTests.m; sourceTree = "<group>"; };
		A1FC043C1E5A0F7A008C3577 /* DVBAsyncThreadViewController.h */ = {isa = PBXFileReference; fileEncoding = 4; lastKnownFileType = sourcecode.c.h; name = DVBAsyncThreadViewController.h; path = Modules/ThreadScreen/DVBAsyncThreadViewController.h; sourceTree = "<group>"; };
		A1FC043D1E5A0F7A008C3577 /* DVBAsyncThreadViewController.m */ = {isa = PBXFileReference; fileEncoding = 4; lastKnownFileType = sourcecode.c.objc; name = DVBAsyncThreadViewController.m; path = Modules/ThreadScreen/DVBAsyncThreadViewController.m; sourceTree = "<group>"; };
		A1FC043F1E5A0FA7008C3577 /* DVBThreadModel.h */ = {isa = PBXFileReference; fileEncoding = 4; lastKnownFileType = sourcecode.c.h; name = DVBThreadModel.h; path = Modules/ThreadScreen/DVBThreadModel.h; sourceTree = "<group>"; };
		A1FC04401E5A0FA7008C3577 /* DVBThreadModel.m */ = {isa = PBXFileReference; fileEncoding = 4; lastKnownFileType = sourcecode.c.objc; name = DVBThreadModel.m; path = Modules/ThreadScreen/DVBThreadModel.m; sourceTree = "<group>"; };
		A1FC04421E5A0FF3008C3577 /* DVBPostPreparation.h */ = {isa = PBXFileReference; fileEncoding = 4; lastKnownFileType = sourcecode.c.h; name = DVBPostPreparation.h; path = Modules/ThreadScreen/DVBPostPreparation.h; sourceTree = "<group>"; };
		A1FC04431E5A0FF3008C3577 /* DVBPostPreparation.m */ = {isa = PBXFileReference; fileEncoding = 4; lastKnownFileType = sourcecode.c.objc; name = DVBPostPreparation.m; path = Modules/ThreadScreen/DVBPostPreparation.m; sourceTree = "<group>"; };
		A1FC044B1E5A1064008C3577 /* DVBBrowserViewControllerBuilder.h */ = {isa = PBXFileReference; fileEncoding = 4; lastKnownFileType = sourcecode.c.h; name = DVBBrowserViewControllerBuilder.h; path = Modules/ThreadScreen/DVBBrowserViewControllerBuilder.h; sourceTree = "<group>"; };
		A1FC044C1E5A1064008C3577 /* DVBBrowserViewControllerBuilder.m */ = {isa = PBXFileReference; fileEncoding = 4; lastKnownFileType = sourcecode.c.objc; name = DVBBrowserViewControllerBuilder.m; path = Modules/ThreadScreen/DVBBrowserViewControllerBuilder.m; sourceTree = "<group>"; };
		A1FC044E1E5A10C2008C3577 /* DVBThreadUIGenerator.h */ = {isa = PBXFileReference; fileEncoding = 4; lastKnownFileType = sourcecode.c.h; name = DVBThreadUIGenerator.h; path = Modules/ThreadScreen/DVBThreadUIGenerator.h; sourceTree = "<group>"; };
		A1FC044F1E5A10C2008C3577 /* DVBThreadUIGenerator.m */ = {isa = PBXFileReference; fileEncoding = 4; lastKnownFileType = sourcecode.c.objc; name = DVBThreadUIGenerator.m; path = Modules/ThreadScreen/DVBThreadUIGenerator.m; sourceTree = "<group>"; };
		DA6D360509028339F31549C7 /* Pods_BasePods_dvach_browser.framework */ = {isa = PBXFileReference; explicitFileType = wrapper.framework; includeInIndex = 0; path = Pods_BasePods_dvach_browser.framework; sourceTree = BUILT_PRODUCTS_DIR; };
		DB2041C9957E17E7EBCCE65F /* libPods.a */ = {isa = PBXFileReference; explicitFileType = archive.ar; includeInIndex = 0; path = libPods.a; sourceTree = BUILT_PRODUCTS_DIR; };
		E11B9D6124BF4A040061E063 /* dvach-browser-Bridging-Header.h */ = {isa = PBXFileReference; lastKnownFileType = sourcecode.c.h; path = "dvach-browser-Bridging-Header.h"; sourceTree = "<group>"; };
		E11B9D6224BF4A040061E063 /* AppDelegate.swift */ = {isa = PBXFileReference; lastKnownFileType = sourcecode.swift; path = AppDelegate.swift; sourceTree = "<group>"; };
		E1410FDE251353E5001EDAB6 /* DVBThreadDelegate.swift */ = {isa = PBXFileReference; lastKnownFileType = sourcecode.swift; name = DVBThreadDelegate.swift; path = Protocols/DVBThreadDelegate.swift; sourceTree = "<group>"; };
		E1410FE025135422001EDAB6 /* DVBCreatePostViewControllerDelegate.swift */ = {isa = PBXFileReference; lastKnownFileType = sourcecode.swift; name = DVBCreatePostViewControllerDelegate.swift; path = Protocols/DVBCreatePostViewControllerDelegate.swift; sourceTree = "<group>"; };
		E1410FE2251354A8001EDAB6 /* DVBCreatePostViewController.swift */ = {isa = PBXFileReference; lastKnownFileType = sourcecode.swift; name = DVBCreatePostViewController.swift; path = Modules/CreateScreen/DVBCreatePostViewController.swift; sourceTree = "<group>"; };
		E14E085924DD66D200550AA3 /* DVBPostStyler.swift */ = {isa = PBXFileReference; lastKnownFileType = sourcecode.swift; name = DVBPostStyler.swift; path = Models/Stylers/DVBPostStyler.swift; sourceTree = "<group>"; };
		E14E085B24DD671100550AA3 /* DVBBoardStyler.swift */ = {isa = PBXFileReference; lastKnownFileType = sourcecode.swift; name = DVBBoardStyler.swift; path = Models/Stylers/DVBBoardStyler.swift; sourceTree = "<group>"; };
		E150A31F24E690FB00C4AA88 /* DVBMediaOpener.swift */ = {isa = PBXFileReference; fileEncoding = 4; lastKnownFileType = sourcecode.swift; name = DVBMediaOpener.swift; path = Helpers/DVBMediaOpener.swift; sourceTree = "<group>"; };
		E15E1378252C39960083BFCD /* DVBPostViewGenerator.swift */ = {isa = PBXFileReference; fileEncoding = 4; lastKnownFileType = sourcecode.swift; path = DVBPostViewGenerator.swift; sourceTree = "<group>"; };
		E17688A2252DBAC5005FBAAC /* DVBAlertGenerator.swift */ = {isa = PBXFileReference; lastKnownFileType = sourcecode.swift; path = DVBAlertGenerator.swift; sourceTree = "<group>"; };
		E17688A9252DBF3C005FBAAC /* DVBAgreementViewController.swift */ = {isa = PBXFileReference; lastKnownFileType = sourcecode.swift; name = DVBAgreementViewController.swift; path = Modules/AgreementScreen/DVBAgreementViewController.swift; sourceTree = "<group>"; };
		E17AA51724C099A700E886F1 /* DVBBoardModel.swift */ = {isa = PBXFileReference; lastKnownFileType = sourcecode.swift; name = DVBBoardModel.swift; path = Models/DVBBoardModel.swift; sourceTree = "<group>"; };
		E17DA0D124DBF7B300ABADFF /* DVBComment.swift */ = {isa = PBXFileReference; lastKnownFileType = sourcecode.swift; name = DVBComment.swift; path = Models/DVBComment.swift; sourceTree = "<group>"; };
		E17DA0D324DBFAAE00ABADFF /* DVBCaptchaManager.swift */ = {isa = PBXFileReference; lastKnownFileType = sourcecode.swift; name = DVBCaptchaManager.swift; path = Models/DVBCaptchaManager.swift; sourceTree = "<group>"; };
		E17DA0D524DBFB8500ABADFF /* DVBMessagePostServerAnswer.swift */ = {isa = PBXFileReference; lastKnownFileType = sourcecode.swift; name = DVBMessagePostServerAnswer.swift; path = Models/Objects/DVBMessagePostServerAnswer.swift; sourceTree = "<group>"; };
		E17DA0D724DBFC7900ABADFF /* DVBPostViewModel.swift */ = {isa = PBXFileReference; lastKnownFileType = sourcecode.swift; name = DVBPostViewModel.swift; path = Models/ViewModels/DVBPostViewModel.swift; sourceTree = "<group>"; };
		E185395D24C1794A00CB2D40 /* DVBNetworking.swift */ = {isa = PBXFileReference; lastKnownFileType = sourcecode.swift; name = DVBNetworking.swift; path = Models/DVBNetworking.swift; sourceTree = "<group>"; };
		E185395F24C17ED100CB2D40 /* DVBCommon.swift */ = {isa = PBXFileReference; lastKnownFileType = sourcecode.swift; name = DVBCommon.swift; path = Models/DVBCommon.swift; sourceTree = "<group>"; };
		E185AD6024D4299D00EC958B /* DVBBoard.swift */ = {isa = PBXFileReference; fileEncoding = 4; lastKnownFileType = sourcecode.swift; name = DVBBoard.swift; path = Models/Objects/DVBBoard.swift; sourceTree = "<group>"; };
		E185AD6224D42C1500EC958B /* DVBThread.swift */ = {isa = PBXFileReference; fileEncoding = 4; lastKnownFileType = sourcecode.swift; name = DVBThread.swift; path = Models/Objects/DVBThread.swift; sourceTree = "<group>"; };
		E1902DFD24D2C44300FC7F6C /* DVBValidation.swift */ = {isa = PBXFileReference; fileEncoding = 4; lastKnownFileType = sourcecode.swift; name = DVBValidation.swift; path = Models/DVBValidation.swift; sourceTree = "<group>"; };
		E1C1815E25302FF90001DB04 /* DVBGalleryTransition.swift */ = {isa = PBXFileReference; lastKnownFileType = sourcecode.swift; name = DVBGalleryTransition.swift; path = Views/Transitions/DVBGalleryTransition.swift; sourceTree = "<group>"; };
		E1C1820F25303EBE0001DB04 /* DVBBoardTableViewCell.swift */ = {isa = PBXFileReference; lastKnownFileType = sourcecode.swift; name = DVBBoardTableViewCell.swift; path = Modules/BoardsScreen/View/DVBBoardTableViewCell.swift; sourceTree = "<group>"; };
		E1C99CEB24D7EC7100B88C94 /* UrlNinja.swift */ = {isa = PBXFileReference; fileEncoding = 4; lastKnownFileType = sourcecode.swift; name = UrlNinja.swift; path = Helpers/UrlNinja.swift; sourceTree = "<group>"; };
		E1C99CED24D81C2C00B88C94 /* DVBPost.swift */ = {isa = PBXFileReference; fileEncoding = 4; lastKnownFileType = sourcecode.swift; name = DVBPost.swift; path = Models/Objects/DVBPost.swift; sourceTree = "<group>"; };
		E1D12AA839B911E09F2CB2B6 /* Pods-BasePods-dvach-browserTests.debug.xcconfig */ = {isa = PBXFileReference; includeInIndex = 1; lastKnownFileType = text.xcconfig; name = "Pods-BasePods-dvach-browserTests.debug.xcconfig"; path = "Pods/Target Support Files/Pods-BasePods-dvach-browserTests/Pods-BasePods-dvach-browserTests.debug.xcconfig"; sourceTree = "<group>"; };
		E1D855AD2511FED400778AE9 /* UIImage+DVBImageExtention.swift */ = {isa = PBXFileReference; lastKnownFileType = sourcecode.swift; name = "UIImage+DVBImageExtention.swift"; path = "Helpers/UIImage+DVBImageExtention.swift"; sourceTree = "<group>"; };
		E1D855AF251203B100778AE9 /* UIImage+DVBOpaqueImage.swift */ = {isa = PBXFileReference; lastKnownFileType = sourcecode.swift; name = "UIImage+DVBOpaqueImage.swift"; path = "Helpers/UIImage+DVBOpaqueImage.swift"; sourceTree = "<group>"; };
		E1D855B12512047A00778AE9 /* NSNotification+DVBBookmarkThreadNotification.swift */ = {isa = PBXFileReference; lastKnownFileType = sourcecode.swift; name = "NSNotification+DVBBookmarkThreadNotification.swift"; path = "Helpers/NSNotification+DVBBookmarkThreadNotification.swift"; sourceTree = "<group>"; };
		E1D855B3251205F000778AE9 /* DVBCaptchaHelper.swift */ = {isa = PBXFileReference; lastKnownFileType = sourcecode.swift; name = DVBCaptchaHelper.swift; path = Helpers/DVBCaptchaHelper.swift; sourceTree = "<group>"; };
		E1E4AB5024C0649000CB9263 /* DVBConstants.h */ = {isa = PBXFileReference; fileEncoding = 4; lastKnownFileType = sourcecode.c.h; name = DVBConstants.h; path = Models/DVBConstants.h; sourceTree = "<group>"; };
		E1E4AB5124C0649000CB9263 /* DVBConstants.m */ = {isa = PBXFileReference; fileEncoding = 4; lastKnownFileType = sourcecode.c.objc; name = DVBConstants.m; path = Models/DVBConstants.m; sourceTree = "<group>"; };
		E1E4AB5324C0668000CB9263 /* DVBConstants.swift */ = {isa = PBXFileReference; fileEncoding = 4; lastKnownFileType = sourcecode.swift; name = DVBConstants.swift; path = Models/DVBConstants.swift; sourceTree = "<group>"; };
		E1E4AB5524C0668900CB9263 /* DVBDefaultsManager.swift */ = {isa = PBXFileReference; fileEncoding = 4; lastKnownFileType = sourcecode.swift; name = DVBDefaultsManager.swift; path = Models/DVBDefaultsManager.swift; sourceTree = "<group>"; };
		E1F05E1324CFDEE500D6D3EE /* DVBBoardsModel.swift */ = {isa = PBXFileReference; fileEncoding = 4; lastKnownFileType = sourcecode.swift; name = DVBBoardsModel.swift; path = Models/DVBBoardsModel.swift; sourceTree = "<group>"; };
		E1F05E1824CFE17C00D6D3EE /* DVBRouter.swift */ = {isa = PBXFileReference; fileEncoding = 4; lastKnownFileType = sourcecode.swift; name = DVBRouter.swift; path = Models/DVBRouter.swift; sourceTree = "<group>"; };
		E1F05E1A24D00ABB00D6D3EE /* DVBDatabaseManager.swift */ = {isa = PBXFileReference; lastKnownFileType = sourcecode.swift; name = DVBDatabaseManager.swift; path = Models/DVBDatabaseManager.swift; sourceTree = "<group>"; };
		E1F05E1C24D00CDB00D6D3EE /* DVBUrls.swift */ = {isa = PBXFileReference; lastKnownFileType = sourcecode.swift; name = DVBUrls.swift; path = Models/DVBUrls.swift; sourceTree = "<group>"; };
		E1F978E324E3FD8400A037C9 /* DVDateFormatter.swift */ = {isa = PBXFileReference; lastKnownFileType = sourcecode.swift; name = DVDateFormatter.swift; path = Helpers/DVDateFormatter.swift; sourceTree = "<group>"; };
		E2FB6DBFA4B0E60C9DC1E905 /* Pods-BasePods-dvach-browser.release.xcconfig */ = {isa = PBXFileReference; includeInIndex = 1; lastKnownFileType = text.xcconfig; name = "Pods-BasePods-dvach-browser.release.xcconfig"; path = "Pods/Target Support Files/Pods-BasePods-dvach-browser/Pods-BasePods-dvach-browser.release.xcconfig"; sourceTree = "<group>"; };
		F1530ABC30D521863753555A /* Pods-BasePods-dvach-browserTests.release.xcconfig */ = {isa = PBXFileReference; includeInIndex = 1; lastKnownFileType = text.xcconfig; name = "Pods-BasePods-dvach-browserTests.release.xcconfig"; path = "Pods/Target Support Files/Pods-BasePods-dvach-browserTests/Pods-BasePods-dvach-browserTests.release.xcconfig"; sourceTree = "<group>"; };
/* End PBXFileReference section */

/* Begin PBXFrameworksBuildPhase section */
		84CFC50719E1526E004D0BB8 /* Frameworks */ = {
			isa = PBXFrameworksBuildPhase;
			buildActionMask = 2147483647;
			files = (
				948239B01FABC132008AC562 /* AVKit.framework in Frameworks */,
				948239AE1FABC12E008AC562 /* AVFoundation.framework in Frameworks */,
				94FC06A31C674E8D00813A68 /* libiconv.tbd in Frameworks */,
				9432BEF31AC821650015CA9F /* CoreData.framework in Frameworks */,
				840BFBBB1AA1B08A007651D9 /* CoreGraphics.framework in Frameworks */,
				8428B63A19EDAC74007973A8 /* UIKit.framework in Frameworks */,
				842E84E219E729F800CB9740 /* Foundation.framework in Frameworks */,
				84AA9A1319E5E5D2009C2811 /* SystemConfiguration.framework in Frameworks */,
				8EDB774422E7B249767C1C1D /* Pods_BasePods_dvach_browser.framework in Frameworks */,
			);
			runOnlyForDeploymentPostprocessing = 0;
		};
		84CFC52019E1526E004D0BB8 /* Frameworks */ = {
			isa = PBXFrameworksBuildPhase;
			buildActionMask = 2147483647;
			files = (
				1AD4F7164158B9327CF791EC /* Pods_BasePods_dvach_browserTests.framework in Frameworks */,
			);
			runOnlyForDeploymentPostprocessing = 0;
		};
/* End PBXFrameworksBuildPhase section */

/* Begin PBXGroup section */
		84CF8C861A0E556C00585D88 /* Objects */ = {
			isa = PBXGroup;
			children = (
				E185AD6024D4299D00EC958B /* DVBBoard.swift */,
				E1C99CED24D81C2C00B88C94 /* DVBPost.swift */,
				E185AD6224D42C1500EC958B /* DVBThread.swift */,
				E17DA0D524DBFB8500ABADFF /* DVBMessagePostServerAnswer.swift */,
			);
			name = Objects;
			sourceTree = "<group>";
		};
		84CFC50119E1526E004D0BB8 = {
			isa = PBXGroup;
			children = (
				84CFC50C19E1526E004D0BB8 /* dvach-browser */,
				84CFC52619E1526E004D0BB8 /* dvach-browserTests */,
				A1ADDCC419E7B7C2009E47EA /* Frameworks */,
				9DEEB8F279E1E1CC7340EF72 /* Pods */,
			);
			sourceTree = "<group>";
		};
		84CFC50B19E1526E004D0BB8 /* Products */ = {
			isa = PBXGroup;
			children = (
				84CFC50A19E1526E004D0BB8 /* dvach-browser.app */,
				84CFC52319E1526E004D0BB8 /* dvach-browserTests.xctest */,
			);
			name = Products;
			sourceTree = "<group>";
		};
		84CFC50C19E1526E004D0BB8 /* dvach-browser */ = {
			isa = PBXGroup;
			children = (
				A1FC04381E5A0EFF008C3577 /* Modules */,
				9442DCD21DDC8879008DF1D4 /* Protocols */,
				94C42CE61BC9D5AA001F6840 /* Storyboards */,
				9436ADD31AD1B81500785710 /* Helpers */,
				A1155D1C1A26486400810321 /* Views */,
				94131BDA1A8D44640033657C /* Models */,
				E11B9D6224BF4A040061E063 /* AppDelegate.swift */,
				84CFC51A19E1526E004D0BB8 /* Images.xcassets */,
				84CFC50D19E1526E004D0BB8 /* Supporting Files */,
				9432BEF41AC821B40015CA9F /* dvach-browser.xcdatamodeld */,
				E11B9D6124BF4A040061E063 /* dvach-browser-Bridging-Header.h */,
			);
			path = "dvach-browser";
			sourceTree = "<group>";
		};
		84CFC50D19E1526E004D0BB8 /* Supporting Files */ = {
			isa = PBXGroup;
			children = (
				A154DD981EBE49640094ADF2 /* BadBoards.plist */,
				A154DD991EBE49640094ADF2 /* BoardCategories.plist */,
				A154DD9A1EBE49640094ADF2 /* DefaultBoards.plist */,
				A154DD9B1EBE49640094ADF2 /* Info.plist */,
				A154DD9C1EBE49640094ADF2 /* Settings.bundle */,
				9437FD271B90DFDF004FFB22 /* Localizable.strings */,
			);
			name = "Supporting Files";
			sourceTree = "<group>";
		};
		84CFC52619E1526E004D0BB8 /* dvach-browserTests */ = {
			isa = PBXGroup;
			children = (
				84CFC52719E1526E004D0BB8 /* Supporting Files */,
				94E8E06C1B20CF88008761C6 /* DVBUrlNinjaTest.m */,
				A1D2897C1E631ED4000EEEB1 /* DVBNetworkImageFixerTests.m */,
			);
			path = "dvach-browserTests";
			sourceTree = "<group>";
		};
		84CFC52719E1526E004D0BB8 /* Supporting Files */ = {
			isa = PBXGroup;
			children = (
				A1D289751E63160D000EEEB1 /* brokenHeader.jpg */,
				84CFC52819E1526E004D0BB8 /* Info.plist */,
			);
			name = "Supporting Files";
			sourceTree = "<group>";
		};
		940BD5481E05548800D6BAF8 /* ViewModels */ = {
			isa = PBXGroup;
			children = (
				E17DA0D724DBFC7900ABADFF /* DVBPostViewModel.swift */,
			);
			name = ViewModels;
			sourceTree = "<group>";
		};
		940BD54F1E05644E00D6BAF8 /* Stylers */ = {
			isa = PBXGroup;
			children = (
				E14E085B24DD671100550AA3 /* DVBBoardStyler.swift */,
				E14E085924DD66D200550AA3 /* DVBPostStyler.swift */,
			);
			name = Stylers;
			sourceTree = "<group>";
		};
		94131BDA1A8D44640033657C /* Models */ = {
			isa = PBXGroup;
			children = (
				940BD54F1E05644E00D6BAF8 /* Stylers */,
				940BD5481E05548800D6BAF8 /* ViewModels */,
				84CF8C861A0E556C00585D88 /* Objects */,
				E1F05E1324CFDEE500D6D3EE /* DVBBoardsModel.swift */,
				E17DA0D124DBF7B300ABADFF /* DVBComment.swift */,
				E1E4AB5024C0649000CB9263 /* DVBConstants.h */,
				E1E4AB5124C0649000CB9263 /* DVBConstants.m */,
				E1E4AB5324C0668000CB9263 /* DVBConstants.swift */,
				E185395D24C1794A00CB2D40 /* DVBNetworking.swift */,
				E1902DFD24D2C44300FC7F6C /* DVBValidation.swift */,
				E17AA51724C099A700E886F1 /* DVBBoardModel.swift */,
				9437FD131B90DDB8004FFB22 /* DVBCommon.h */,
				E185395F24C17ED100CB2D40 /* DVBCommon.swift */,
				E1F05E1A24D00ABB00D6D3EE /* DVBDatabaseManager.swift */,
				E17DA0D324DBFAAE00ABADFF /* DVBCaptchaManager.swift */,
				E1E4AB5524C0668900CB9263 /* DVBDefaultsManager.swift */,
				E1F05E1C24D00CDB00D6D3EE /* DVBUrls.swift */,
				E1F05E1824CFE17C00D6D3EE /* DVBRouter.swift */,
			);
			name = Models;
			sourceTree = "<group>";
		};
		9436ADD31AD1B81500785710 /* Helpers */ = {
			isa = PBXGroup;
			children = (
				E1C99CEB24D7EC7100B88C94 /* UrlNinja.swift */,
				E1F978E324E3FD8400A037C9 /* DVDateFormatter.swift */,
				E1D855AD2511FED400778AE9 /* UIImage+DVBImageExtention.swift */,
				E150A31F24E690FB00C4AA88 /* DVBMediaOpener.swift */,
				E1D855AF251203B100778AE9 /* UIImage+DVBOpaqueImage.swift */,
				E1D855B12512047A00778AE9 /* NSNotification+DVBBookmarkThreadNotification.swift */,
				E1D855B3251205F000778AE9 /* DVBCaptchaHelper.swift */,
			);
			name = Helpers;
			sourceTree = "<group>";
		};
		9442DCD21DDC8879008DF1D4 /* Protocols */ = {
			isa = PBXGroup;
			children = (
				E1410FE025135422001EDAB6 /* DVBCreatePostViewControllerDelegate.swift */,
				E1410FDE251353E5001EDAB6 /* DVBThreadDelegate.swift */,
			);
			name = Protocols;
			sourceTree = "<group>";
		};
		94A17DC71B335CD90009A002 /* Transitions */ = {
			isa = PBXGroup;
			children = (
				E1C1815E25302FF90001DB04 /* DVBGalleryTransition.swift */,
			);
			name = Transitions;
			sourceTree = "<group>";
		};
		94C42CE61BC9D5AA001F6840 /* Storyboards */ = {
			isa = PBXGroup;
			children = (
				84CFC51719E1526E004D0BB8 /* Main.storyboard */,
				846D12A01BF0AE7C00BC523B /* Launch Screen.storyboard */,
			);
			name = Storyboards;
			sourceTree = "<group>";
		};
		9DEEB8F279E1E1CC7340EF72 /* Pods */ = {
			isa = PBXGroup;
			children = (
				24704D5E096DD80DBD0AD4EC /* Pods.debug.xcconfig */,
				8B86A1FA1CD0BE0D673988F6 /* Pods.release.xcconfig */,
				16E05AB79E8C2A1134B2FF61 /* Pods-BasePods-dvach-browser.debug.xcconfig */,
				E2FB6DBFA4B0E60C9DC1E905 /* Pods-BasePods-dvach-browser.release.xcconfig */,
				E1D12AA839B911E09F2CB2B6 /* Pods-BasePods-dvach-browserTests.debug.xcconfig */,
				F1530ABC30D521863753555A /* Pods-BasePods-dvach-browserTests.release.xcconfig */,
			);
			name = Pods;
			sourceTree = "<group>";
		};
		A1155D1C1A26486400810321 /* Views */ = {
			isa = PBXGroup;
			children = (
				A151D3591EBE5B1C0096E8B6 /* ViewGenerators */,
				94A17DC71B335CD90009A002 /* Transitions */,
			);
			name = Views;
			sourceTree = "<group>";
		};
		A151D3591EBE5B1C0096E8B6 /* ViewGenerators */ = {
			isa = PBXGroup;
			children = (
				E17688A2252DBAC5005FBAAC /* DVBAlertGenerator.swift */,
				E15E1378252C39960083BFCD /* DVBPostViewGenerator.swift */,
			);
			name = ViewGenerators;
			path = Views/ViewGenerators;
			sourceTree = "<group>";
		};
		A17A8B431E68BB81002F6DE2 /* WebmScreen */ = {
			isa = PBXGroup;
			children = (
				A17A8B441E68BB9D002F6DE2 /* DVBWebmViewController.h */,
				A17A8B451E68BB9D002F6DE2 /* DVBWebmViewController.m */,
			);
			name = WebmScreen;
			sourceTree = "<group>";
		};
		A1807FB31E5C6B1D0072671B /* View */ = {
			isa = PBXGroup;
			children = (
				A1BDC0D71E6B65AE00ACBB36 /* DVBLoadingStatusView.h */,
				A1BDC0D81E6B65AE00ACBB36 /* DVBLoadingStatusView.m */,
				A1BDC0D91E6B65AE00ACBB36 /* DVBLoadingStatusView.xib */,
				A1BDC0AF1E6B639E00ACBB36 /* DVBMediaButtonNode.h */,
				A1BDC0B01E6B639E00ACBB36 /* DVBMediaButtonNode.m */,
				A1BDC0B11E6B639E00ACBB36 /* DVBPostNode.h */,
				A1BDC0B21E6B639E00ACBB36 /* DVBPostNode.m */,
			);
			name = View;
			sourceTree = "<group>";
		};
		A1ADDCC419E7B7C2009E47EA /* Frameworks */ = {
			isa = PBXGroup;
			children = (
				948239AF1FABC132008AC562 /* AVKit.framework */,
				948239AD1FABC12D008AC562 /* AVFoundation.framework */,
				94FC06A21C674E8D00813A68 /* libiconv.tbd */,
				9432BEF21AC821650015CA9F /* CoreData.framework */,
				840BFBBA1AA1B08A007651D9 /* CoreGraphics.framework */,
				8428B63919EDAC74007973A8 /* UIKit.framework */,
				84CFC50B19E1526E004D0BB8 /* Products */,
				842E84E119E729F800CB9740 /* Foundation.framework */,
				84AA9A1219E5E5D2009C2811 /* SystemConfiguration.framework */,
				DB2041C9957E17E7EBCCE65F /* libPods.a */,
				DA6D360509028339F31549C7 /* Pods_BasePods_dvach_browser.framework */,
				3440D7D943A9F826B25D24A6 /* Pods_BasePods_dvach_browserTests.framework */,
			);
			name = Frameworks;
			sourceTree = "<group>";
		};
		A1BDC0B81E6B640B00ACBB36 /* CaptchaScreen */ = {
			isa = PBXGroup;
			children = (
				A1BDC0EB1E6B669600ACBB36 /* DVBDvachCaptchaViewController.h */,
				A1BDC0EC1E6B669600ACBB36 /* DVBDvachCaptchaViewController.m */,
				A1BDC0ED1E6B669600ACBB36 /* DVBDvachCaptchaViewController.xib */,
			);
			name = CaptchaScreen;
			sourceTree = "<group>";
		};
		A1BDC0C11E6B64CA00ACBB36 /* View */ = {
			isa = PBXGroup;
			children = (
				A1BDC0CE1E6B656600ACBB36 /* DVBMarkupButton.h */,
				A1BDC0CF1E6B656600ACBB36 /* DVBMarkupButton.m */,
				A1BDC0D01E6B656600ACBB36 /* DVBPictureToSendPreviewImageView.h */,
				A1BDC0D11E6B656600ACBB36 /* DVBPictureToSendPreviewImageView.m */,
				A1BDC0D21E6B656600ACBB36 /* DVBPostPhotoContainerView.h */,
				A1BDC0D31E6B656600ACBB36 /* DVBPostPhotoContainerView.m */,
				A1BDC0C21E6B650400ACBB36 /* DVBAddPhotoIconImageView.h */,
				A1BDC0C31E6B650400ACBB36 /* DVBAddPhotoIconImageView.m */,
				A1BDC0C41E6B650400ACBB36 /* DVBAddPhotoIconImageViewContainer.h */,
				A1BDC0C51E6B650400ACBB36 /* DVBAddPhotoIconImageViewContainer.m */,
				A1BDC0C61E6B650400ACBB36 /* DVBContainerForPostElements.h */,
				A1BDC0C71E6B650400ACBB36 /* DVBContainerForPostElements.m */,
				A1BDC0C81E6B650400ACBB36 /* DVBCreatePostScrollView.h */,
				A1BDC0C91E6B650400ACBB36 /* DVBCreatePostScrollView.m */,
			);
			name = View;
			sourceTree = "<group>";
		};
		A1BDC0DC1E6B65CD00ACBB36 /* BoardsScreen */ = {
			isa = PBXGroup;
			children = (
				A1BDC0DD1E6B65E400ACBB36 /* View */,
				A1BDC0E11E6B660600ACBB36 /* DVBBoardsViewController.h */,
				A1BDC0E21E6B660600ACBB36 /* DVBBoardsViewController.m */,
				A1BDC0E41E6B663E00ACBB36 /* DVBCommonTableViewController.h */,
				A1BDC0E51E6B663E00ACBB36 /* DVBCommonTableViewController.m */,
			);
			name = BoardsScreen;
			sourceTree = "<group>";
		};
		A1BDC0DD1E6B65E400ACBB36 /* View */ = {
			isa = PBXGroup;
			children = (
				E1C1820F25303EBE0001DB04 /* DVBBoardTableViewCell.swift */,
			);
			name = View;
			sourceTree = "<group>";
		};
		A1BDC0E71E6B664900ACBB36 /* AgreementScreen */ = {
			isa = PBXGroup;
			children = (
				E17688A9252DBF3C005FBAAC /* DVBAgreementViewController.swift */,
			);
			name = AgreementScreen;
			sourceTree = "<group>";
		};
		A1E118891E63F71B0075AB38 /* View */ = {
			isa = PBXGroup;
			children = (
				A1BDC0A91E6B571700ACBB36 /* DVBThreadNode.h */,
				A1BDC0AA1E6B571700ACBB36 /* DVBThreadNode.m */,
			);
			name = View;
			sourceTree = "<group>";
		};
		A1FC04381E5A0EFF008C3577 /* Modules */ = {
			isa = PBXGroup;
			children = (
				A1BDC0E71E6B664900ACBB36 /* AgreementScreen */,
				A1BDC0DC1E6B65CD00ACBB36 /* BoardsScreen */,
				A1BDC0B81E6B640B00ACBB36 /* CaptchaScreen */,
				A17A8B431E68BB81002F6DE2 /* WebmScreen */,
				A1FC043B1E5A0F4F008C3577 /* CreateScreen */,
				A1FC043A1E5A0F4A008C3577 /* ThreadScreen */,
				A1FC04391E5A0F45008C3577 /* BoardScreen */,
			);
			name = Modules;
			sourceTree = "<group>";
		};
		A1FC04391E5A0F45008C3577 /* BoardScreen */ = {
			isa = PBXGroup;
			children = (
				A1E118891E63F71B0075AB38 /* View */,
				A1BDC0B51E6B63F700ACBB36 /* DVBAsyncBoardViewController.h */,
				A1BDC0B61E6B63F700ACBB36 /* DVBAsyncBoardViewController.m */,
			);
			name = BoardScreen;
			sourceTree = "<group>";
		};
		A1FC043A1E5A0F4A008C3577 /* ThreadScreen */ = {
			isa = PBXGroup;
			children = (
				A1807FB31E5C6B1D0072671B /* View */,
				A1FC043C1E5A0F7A008C3577 /* DVBAsyncThreadViewController.h */,
				A1FC043D1E5A0F7A008C3577 /* DVBAsyncThreadViewController.m */,
				A1FC043F1E5A0FA7008C3577 /* DVBThreadModel.h */,
				A1FC04401E5A0FA7008C3577 /* DVBThreadModel.m */,
				A1FC04421E5A0FF3008C3577 /* DVBPostPreparation.h */,
				A1FC04431E5A0FF3008C3577 /* DVBPostPreparation.m */,
				A1FC044B1E5A1064008C3577 /* DVBBrowserViewControllerBuilder.h */,
				A1FC044C1E5A1064008C3577 /* DVBBrowserViewControllerBuilder.m */,
				A1FC044E1E5A10C2008C3577 /* DVBThreadUIGenerator.h */,
				A1FC044F1E5A10C2008C3577 /* DVBThreadUIGenerator.m */,
			);
			name = ThreadScreen;
			sourceTree = "<group>";
		};
		A1FC043B1E5A0F4F008C3577 /* CreateScreen */ = {
			isa = PBXGroup;
			children = (
				A1BDC0C11E6B64CA00ACBB36 /* View */,
				E1410FE2251354A8001EDAB6 /* DVBCreatePostViewController.swift */,
			);
			name = CreateScreen;
			sourceTree = "<group>";
		};
/* End PBXGroup section */

/* Begin PBXNativeTarget section */
		84CFC50919E1526E004D0BB8 /* dvach-browser */ = {
			isa = PBXNativeTarget;
			buildConfigurationList = 84CFC52D19E1526E004D0BB8 /* Build configuration list for PBXNativeTarget "dvach-browser" */;
			buildPhases = (
				857FF7A2A696552F8C0A2607 /* [CP] Check Pods Manifest.lock */,
				84CFC50619E1526E004D0BB8 /* Sources */,
				84CFC50719E1526E004D0BB8 /* Frameworks */,
				84CFC50819E1526E004D0BB8 /* Resources */,
				F20F39559485DF9E8E944ADB /* [CP] Embed Pods Frameworks */,
			);
			buildRules = (
			);
			dependencies = (
			);
			name = "dvach-browser";
			productName = "dvach-browser";
			productReference = 84CFC50A19E1526E004D0BB8 /* dvach-browser.app */;
			productType = "com.apple.product-type.application";
		};
		84CFC52219E1526E004D0BB8 /* dvach-browserTests */ = {
			isa = PBXNativeTarget;
			buildConfigurationList = 84CFC53019E1526E004D0BB8 /* Build configuration list for PBXNativeTarget "dvach-browserTests" */;
			buildPhases = (
				8F793540FB37BE2DB05F8CE4 /* [CP] Check Pods Manifest.lock */,
				84CFC51F19E1526E004D0BB8 /* Sources */,
				84CFC52019E1526E004D0BB8 /* Frameworks */,
				84CFC52119E1526E004D0BB8 /* Resources */,
				857360C0AD5C47878B5E8458 /* [CP] Embed Pods Frameworks */,
			);
			buildRules = (
			);
			dependencies = (
				84CFC52519E1526E004D0BB8 /* PBXTargetDependency */,
			);
			name = "dvach-browserTests";
			productName = "dvach-browserTests";
			productReference = 84CFC52319E1526E004D0BB8 /* dvach-browserTests.xctest */;
			productType = "com.apple.product-type.bundle.unit-test";
		};
/* End PBXNativeTarget section */

/* Begin PBXProject section */
		84CFC50219E1526E004D0BB8 /* Project object */ = {
			isa = PBXProject;
			attributes = {
				CLASSPREFIX = DVB;
				LastUpgradeCheck = 0700;
				ORGANIZATIONNAME = MrCapone;
				TargetAttributes = {
					84CFC50919E1526E004D0BB8 = {
						CreatedOnToolsVersion = 6.0.1;
						DevelopmentTeam = 43U2VX82V2;
						LastSwiftMigration = 1150;
					};
					84CFC52219E1526E004D0BB8 = {
						CreatedOnToolsVersion = 6.0.1;
						TestTargetID = 84CFC50919E1526E004D0BB8;
					};
				};
			};
			buildConfigurationList = 84CFC50519E1526E004D0BB8 /* Build configuration list for PBXProject "dvach-browser" */;
			compatibilityVersion = "Xcode 3.2";
			developmentRegion = English;
			hasScannedForEncodings = 0;
			knownRegions = (
				English,
				en,
				Base,
				ru,
			);
			mainGroup = 84CFC50119E1526E004D0BB8;
			productRefGroup = 84CFC50B19E1526E004D0BB8 /* Products */;
			projectDirPath = "";
			projectRoot = "";
			targets = (
				84CFC50919E1526E004D0BB8 /* dvach-browser */,
				84CFC52219E1526E004D0BB8 /* dvach-browserTests */,
			);
		};
/* End PBXProject section */

/* Begin PBXResourcesBuildPhase section */
		84CFC50819E1526E004D0BB8 /* Resources */ = {
			isa = PBXResourcesBuildPhase;
			buildActionMask = 2147483647;
			files = (
				A1BDC0EF1E6B669600ACBB36 /* DVBDvachCaptchaViewController.xib in Resources */,
				A154DD9F1EBE49640094ADF2 /* DefaultBoards.plist in Resources */,
				A1BDC0DB1E6B65AE00ACBB36 /* DVBLoadingStatusView.xib in Resources */,
				84CFC51919E1526E004D0BB8 /* Main.storyboard in Resources */,
				84CFC51B19E1526E004D0BB8 /* Images.xcassets in Resources */,
				A154DDA11EBE49640094ADF2 /* Settings.bundle in Resources */,
				A154DD9D1EBE49640094ADF2 /* BadBoards.plist in Resources */,
				9437FD251B90DFDF004FFB22 /* Localizable.strings in Resources */,
				846D12A11BF0AE7C00BC523B /* Launch Screen.storyboard in Resources */,
				A154DD9E1EBE49640094ADF2 /* BoardCategories.plist in Resources */,
			);
			runOnlyForDeploymentPostprocessing = 0;
		};
		84CFC52119E1526E004D0BB8 /* Resources */ = {
			isa = PBXResourcesBuildPhase;
			buildActionMask = 2147483647;
			files = (
				A1D289761E63160D000EEEB1 /* brokenHeader.jpg in Resources */,
			);
			runOnlyForDeploymentPostprocessing = 0;
		};
/* End PBXResourcesBuildPhase section */

/* Begin PBXShellScriptBuildPhase section */
		857360C0AD5C47878B5E8458 /* [CP] Embed Pods Frameworks */ = {
			isa = PBXShellScriptBuildPhase;
			buildActionMask = 2147483647;
			files = (
			);
			inputPaths = (
				"${PODS_ROOT}/Target Support Files/Pods-BasePods-dvach-browserTests/Pods-BasePods-dvach-browserTests-frameworks.sh",
				"${BUILT_PRODUCTS_DIR}/AFNetworking/AFNetworking.framework",
				"${BUILT_PRODUCTS_DIR}/ARChromeActivity/ARChromeActivity.framework",
				"${BUILT_PRODUCTS_DIR}/CocoaLumberjack/CocoaLumberjack.framework",
				"${BUILT_PRODUCTS_DIR}/DACircularProgress/DACircularProgress.framework",
				"${BUILT_PRODUCTS_DIR}/GTMNSString-HTML/GTMNSString_HTML.framework",
				"${BUILT_PRODUCTS_DIR}/MBProgressHUD/MBProgressHUD.framework",
				"${BUILT_PRODUCTS_DIR}/MWPhotoBrowser/MWPhotoBrowser.framework",
				"${BUILT_PRODUCTS_DIR}/Mantle/Mantle.framework",
				"${BUILT_PRODUCTS_DIR}/OGVKit/OGVKit.framework",
				"${BUILT_PRODUCTS_DIR}/PINCache/PINCache.framework",
				"${BUILT_PRODUCTS_DIR}/PINOperation/PINOperation.framework",
				"${BUILT_PRODUCTS_DIR}/PINRemoteImage/PINRemoteImage.framework",
				"${BUILT_PRODUCTS_DIR}/PureLayout/PureLayout.framework",
				"${BUILT_PRODUCTS_DIR}/SDWebImage/SDWebImage.framework",
				"${BUILT_PRODUCTS_DIR}/TUSafariActivity/TUSafariActivity.framework",
				"${BUILT_PRODUCTS_DIR}/Texture/AsyncDisplayKit.framework",
				"${BUILT_PRODUCTS_DIR}/YapDatabase/YapDatabase.framework",
				"${BUILT_PRODUCTS_DIR}/libnestegg/nestegg.framework",
				"${BUILT_PRODUCTS_DIR}/libogg/ogg.framework",
				"${BUILT_PRODUCTS_DIR}/libopus/libopus.framework",
				"${BUILT_PRODUCTS_DIR}/libvorbis/vorbis.framework",
				"${PODS_ROOT}/libvpx/VPX.framework",
			);
			name = "[CP] Embed Pods Frameworks";
			outputPaths = (
				"${TARGET_BUILD_DIR}/${FRAMEWORKS_FOLDER_PATH}/AFNetworking.framework",
				"${TARGET_BUILD_DIR}/${FRAMEWORKS_FOLDER_PATH}/ARChromeActivity.framework",
				"${TARGET_BUILD_DIR}/${FRAMEWORKS_FOLDER_PATH}/CocoaLumberjack.framework",
				"${TARGET_BUILD_DIR}/${FRAMEWORKS_FOLDER_PATH}/DACircularProgress.framework",
				"${TARGET_BUILD_DIR}/${FRAMEWORKS_FOLDER_PATH}/GTMNSString_HTML.framework",
				"${TARGET_BUILD_DIR}/${FRAMEWORKS_FOLDER_PATH}/MBProgressHUD.framework",
				"${TARGET_BUILD_DIR}/${FRAMEWORKS_FOLDER_PATH}/MWPhotoBrowser.framework",
				"${TARGET_BUILD_DIR}/${FRAMEWORKS_FOLDER_PATH}/Mantle.framework",
				"${TARGET_BUILD_DIR}/${FRAMEWORKS_FOLDER_PATH}/OGVKit.framework",
				"${TARGET_BUILD_DIR}/${FRAMEWORKS_FOLDER_PATH}/PINCache.framework",
				"${TARGET_BUILD_DIR}/${FRAMEWORKS_FOLDER_PATH}/PINOperation.framework",
				"${TARGET_BUILD_DIR}/${FRAMEWORKS_FOLDER_PATH}/PINRemoteImage.framework",
				"${TARGET_BUILD_DIR}/${FRAMEWORKS_FOLDER_PATH}/PureLayout.framework",
				"${TARGET_BUILD_DIR}/${FRAMEWORKS_FOLDER_PATH}/SDWebImage.framework",
				"${TARGET_BUILD_DIR}/${FRAMEWORKS_FOLDER_PATH}/TUSafariActivity.framework",
				"${TARGET_BUILD_DIR}/${FRAMEWORKS_FOLDER_PATH}/AsyncDisplayKit.framework",
				"${TARGET_BUILD_DIR}/${FRAMEWORKS_FOLDER_PATH}/YapDatabase.framework",
				"${TARGET_BUILD_DIR}/${FRAMEWORKS_FOLDER_PATH}/nestegg.framework",
				"${TARGET_BUILD_DIR}/${FRAMEWORKS_FOLDER_PATH}/ogg.framework",
				"${TARGET_BUILD_DIR}/${FRAMEWORKS_FOLDER_PATH}/libopus.framework",
				"${TARGET_BUILD_DIR}/${FRAMEWORKS_FOLDER_PATH}/vorbis.framework",
				"${TARGET_BUILD_DIR}/${FRAMEWORKS_FOLDER_PATH}/VPX.framework",
			);
			runOnlyForDeploymentPostprocessing = 0;
			shellPath = /bin/sh;
			shellScript = "\"${PODS_ROOT}/Target Support Files/Pods-BasePods-dvach-browserTests/Pods-BasePods-dvach-browserTests-frameworks.sh\"\n";
			showEnvVarsInLog = 0;
		};
		857FF7A2A696552F8C0A2607 /* [CP] Check Pods Manifest.lock */ = {
			isa = PBXShellScriptBuildPhase;
			buildActionMask = 2147483647;
			files = (
			);
			inputPaths = (
				"${PODS_PODFILE_DIR_PATH}/Podfile.lock",
				"${PODS_ROOT}/Manifest.lock",
			);
			name = "[CP] Check Pods Manifest.lock";
			outputPaths = (
				"$(DERIVED_FILE_DIR)/Pods-BasePods-dvach-browser-checkManifestLockResult.txt",
			);
			runOnlyForDeploymentPostprocessing = 0;
			shellPath = /bin/sh;
			shellScript = "diff \"${PODS_PODFILE_DIR_PATH}/Podfile.lock\" \"${PODS_ROOT}/Manifest.lock\" > /dev/null\nif [ $? != 0 ] ; then\n    # print error to STDERR\n    echo \"error: The sandbox is not in sync with the Podfile.lock. Run 'pod install' or update your CocoaPods installation.\" >&2\n    exit 1\nfi\n# This output is used by Xcode 'outputs' to avoid re-running this script phase.\necho \"SUCCESS\" > \"${SCRIPT_OUTPUT_FILE_0}\"\n";
			showEnvVarsInLog = 0;
		};
		8F793540FB37BE2DB05F8CE4 /* [CP] Check Pods Manifest.lock */ = {
			isa = PBXShellScriptBuildPhase;
			buildActionMask = 2147483647;
			files = (
			);
			inputPaths = (
				"${PODS_PODFILE_DIR_PATH}/Podfile.lock",
				"${PODS_ROOT}/Manifest.lock",
			);
			name = "[CP] Check Pods Manifest.lock";
			outputPaths = (
				"$(DERIVED_FILE_DIR)/Pods-BasePods-dvach-browserTests-checkManifestLockResult.txt",
			);
			runOnlyForDeploymentPostprocessing = 0;
			shellPath = /bin/sh;
			shellScript = "diff \"${PODS_PODFILE_DIR_PATH}/Podfile.lock\" \"${PODS_ROOT}/Manifest.lock\" > /dev/null\nif [ $? != 0 ] ; then\n    # print error to STDERR\n    echo \"error: The sandbox is not in sync with the Podfile.lock. Run 'pod install' or update your CocoaPods installation.\" >&2\n    exit 1\nfi\n# This output is used by Xcode 'outputs' to avoid re-running this script phase.\necho \"SUCCESS\" > \"${SCRIPT_OUTPUT_FILE_0}\"\n";
			showEnvVarsInLog = 0;
		};
		F20F39559485DF9E8E944ADB /* [CP] Embed Pods Frameworks */ = {
			isa = PBXShellScriptBuildPhase;
			buildActionMask = 2147483647;
			files = (
			);
			inputPaths = (
				"${PODS_ROOT}/Target Support Files/Pods-BasePods-dvach-browser/Pods-BasePods-dvach-browser-frameworks.sh",
				"${BUILT_PRODUCTS_DIR}/AFNetworking/AFNetworking.framework",
				"${BUILT_PRODUCTS_DIR}/ARChromeActivity/ARChromeActivity.framework",
				"${BUILT_PRODUCTS_DIR}/CocoaLumberjack/CocoaLumberjack.framework",
				"${BUILT_PRODUCTS_DIR}/DACircularProgress/DACircularProgress.framework",
				"${BUILT_PRODUCTS_DIR}/GTMNSString-HTML/GTMNSString_HTML.framework",
				"${BUILT_PRODUCTS_DIR}/MBProgressHUD/MBProgressHUD.framework",
				"${BUILT_PRODUCTS_DIR}/MWPhotoBrowser/MWPhotoBrowser.framework",
				"${BUILT_PRODUCTS_DIR}/Mantle/Mantle.framework",
				"${BUILT_PRODUCTS_DIR}/OGVKit/OGVKit.framework",
				"${BUILT_PRODUCTS_DIR}/PINCache/PINCache.framework",
				"${BUILT_PRODUCTS_DIR}/PINOperation/PINOperation.framework",
				"${BUILT_PRODUCTS_DIR}/PINRemoteImage/PINRemoteImage.framework",
				"${BUILT_PRODUCTS_DIR}/PureLayout/PureLayout.framework",
				"${BUILT_PRODUCTS_DIR}/SDWebImage/SDWebImage.framework",
				"${BUILT_PRODUCTS_DIR}/TUSafariActivity/TUSafariActivity.framework",
				"${BUILT_PRODUCTS_DIR}/Texture/AsyncDisplayKit.framework",
				"${BUILT_PRODUCTS_DIR}/YapDatabase/YapDatabase.framework",
				"${BUILT_PRODUCTS_DIR}/libnestegg/nestegg.framework",
				"${BUILT_PRODUCTS_DIR}/libogg/ogg.framework",
				"${BUILT_PRODUCTS_DIR}/libopus/libopus.framework",
				"${BUILT_PRODUCTS_DIR}/libvorbis/vorbis.framework",
				"${PODS_ROOT}/libvpx/VPX.framework",
			);
			name = "[CP] Embed Pods Frameworks";
			outputPaths = (
				"${TARGET_BUILD_DIR}/${FRAMEWORKS_FOLDER_PATH}/AFNetworking.framework",
				"${TARGET_BUILD_DIR}/${FRAMEWORKS_FOLDER_PATH}/ARChromeActivity.framework",
				"${TARGET_BUILD_DIR}/${FRAMEWORKS_FOLDER_PATH}/CocoaLumberjack.framework",
				"${TARGET_BUILD_DIR}/${FRAMEWORKS_FOLDER_PATH}/DACircularProgress.framework",
				"${TARGET_BUILD_DIR}/${FRAMEWORKS_FOLDER_PATH}/GTMNSString_HTML.framework",
				"${TARGET_BUILD_DIR}/${FRAMEWORKS_FOLDER_PATH}/MBProgressHUD.framework",
				"${TARGET_BUILD_DIR}/${FRAMEWORKS_FOLDER_PATH}/MWPhotoBrowser.framework",
				"${TARGET_BUILD_DIR}/${FRAMEWORKS_FOLDER_PATH}/Mantle.framework",
				"${TARGET_BUILD_DIR}/${FRAMEWORKS_FOLDER_PATH}/OGVKit.framework",
				"${TARGET_BUILD_DIR}/${FRAMEWORKS_FOLDER_PATH}/PINCache.framework",
				"${TARGET_BUILD_DIR}/${FRAMEWORKS_FOLDER_PATH}/PINOperation.framework",
				"${TARGET_BUILD_DIR}/${FRAMEWORKS_FOLDER_PATH}/PINRemoteImage.framework",
				"${TARGET_BUILD_DIR}/${FRAMEWORKS_FOLDER_PATH}/PureLayout.framework",
				"${TARGET_BUILD_DIR}/${FRAMEWORKS_FOLDER_PATH}/SDWebImage.framework",
				"${TARGET_BUILD_DIR}/${FRAMEWORKS_FOLDER_PATH}/TUSafariActivity.framework",
				"${TARGET_BUILD_DIR}/${FRAMEWORKS_FOLDER_PATH}/AsyncDisplayKit.framework",
				"${TARGET_BUILD_DIR}/${FRAMEWORKS_FOLDER_PATH}/YapDatabase.framework",
				"${TARGET_BUILD_DIR}/${FRAMEWORKS_FOLDER_PATH}/nestegg.framework",
				"${TARGET_BUILD_DIR}/${FRAMEWORKS_FOLDER_PATH}/ogg.framework",
				"${TARGET_BUILD_DIR}/${FRAMEWORKS_FOLDER_PATH}/libopus.framework",
				"${TARGET_BUILD_DIR}/${FRAMEWORKS_FOLDER_PATH}/vorbis.framework",
				"${TARGET_BUILD_DIR}/${FRAMEWORKS_FOLDER_PATH}/VPX.framework",
			);
			runOnlyForDeploymentPostprocessing = 0;
			shellPath = /bin/sh;
			shellScript = "\"${PODS_ROOT}/Target Support Files/Pods-BasePods-dvach-browser/Pods-BasePods-dvach-browser-frameworks.sh\"\n";
			showEnvVarsInLog = 0;
		};
/* End PBXShellScriptBuildPhase section */

/* Begin PBXSourcesBuildPhase section */
		84CFC50619E1526E004D0BB8 /* Sources */ = {
			isa = PBXSourcesBuildPhase;
			buildActionMask = 2147483647;
			files = (
				E185AD6324D42C1500EC958B /* DVBThread.swift in Sources */,
				E1410FDF251353E5001EDAB6 /* DVBThreadDelegate.swift in Sources */,
				E17DA0D624DBFB8500ABADFF /* DVBMessagePostServerAnswer.swift in Sources */,
				A1BDC0D41E6B656600ACBB36 /* DVBMarkupButton.m in Sources */,
				A1FC044D1E5A1064008C3577 /* DVBBrowserViewControllerBuilder.m in Sources */,
				A1BDC0AB1E6B571700ACBB36 /* DVBThreadNode.m in Sources */,
				E1F05E1B24D00ABB00D6D3EE /* DVBDatabaseManager.swift in Sources */,
				9432BEF61AC821B40015CA9F /* dvach-browser.xcdatamodeld in Sources */,
				E1D855AE2511FED400778AE9 /* UIImage+DVBImageExtention.swift in Sources */,
				E1C1821025303EBE0001DB04 /* DVBBoardTableViewCell.swift in Sources */,
				E17DA0D224DBF7B300ABADFF /* DVBComment.swift in Sources */,
				E1C1815F25302FF90001DB04 /* DVBGalleryTransition.swift in Sources */,
				A1FC04411E5A0FA7008C3577 /* DVBThreadModel.m in Sources */,
				E17AA51824C099A700E886F1 /* DVBBoardModel.swift in Sources */,
				A1BDC0B31E6B639E00ACBB36 /* DVBMediaButtonNode.m in Sources */,
				E14E085C24DD671100550AA3 /* DVBBoardStyler.swift in Sources */,
				E1F05E1424CFDEE500D6D3EE /* DVBBoardsModel.swift in Sources */,
				E1D855B0251203B100778AE9 /* UIImage+DVBOpaqueImage.swift in Sources */,
				A1BDC0CD1E6B650400ACBB36 /* DVBCreatePostScrollView.m in Sources */,
				E1E4AB5424C0668000CB9263 /* DVBConstants.swift in Sources */,
				E1F978E424E3FD8400A037C9 /* DVDateFormatter.swift in Sources */,
				A1BDC0B41E6B639E00ACBB36 /* DVBPostNode.m in Sources */,
				A1BDC0B71E6B63F700ACBB36 /* DVBAsyncBoardViewController.m in Sources */,
				E17688AA252DBF3C005FBAAC /* DVBAgreementViewController.swift in Sources */,
				E14E085A24DD66D200550AA3 /* DVBPostStyler.swift in Sources */,
				E185AD6124D4299D00EC958B /* DVBBoard.swift in Sources */,
				E17DA0D424DBFAAE00ABADFF /* DVBCaptchaManager.swift in Sources */,
				E1E4AB5624C0668900CB9263 /* DVBDefaultsManager.swift in Sources */,
				A1FC04501E5A10C2008C3577 /* DVBThreadUIGenerator.m in Sources */,
				A17A8B461E68BB9D002F6DE2 /* DVBWebmViewController.m in Sources */,
				A1BDC0CC1E6B650400ACBB36 /* DVBContainerForPostElements.m in Sources */,
				E17688A3252DBAC5005FBAAC /* DVBAlertGenerator.swift in Sources */,
				E150A32024E690FB00C4AA88 /* DVBMediaOpener.swift in Sources */,
				E15E1379252C39960083BFCD /* DVBPostViewGenerator.swift in Sources */,
				A1BDC0E61E6B663E00ACBB36 /* DVBCommonTableViewController.m in Sources */,
				E1410FE125135422001EDAB6 /* DVBCreatePostViewControllerDelegate.swift in Sources */,
				A1FC043E1E5A0F7A008C3577 /* DVBAsyncThreadViewController.m in Sources */,
				A1BDC0CA1E6B650400ACBB36 /* DVBAddPhotoIconImageView.m in Sources */,
				E1F05E1924CFE17C00D6D3EE /* DVBRouter.swift in Sources */,
				E1902DFE24D2C44300FC7F6C /* DVBValidation.swift in Sources */,
				A1BDC0DA1E6B65AE00ACBB36 /* DVBLoadingStatusView.m in Sources */,
				E1410FE3251354A8001EDAB6 /* DVBCreatePostViewController.swift in Sources */,
				A1BDC0E31E6B660600ACBB36 /* DVBBoardsViewController.m in Sources */,
				E1C99CEE24D81C2C00B88C94 /* DVBPost.swift in Sources */,
				E1E4AB5224C0649000CB9263 /* DVBConstants.m in Sources */,
				A1BDC0EE1E6B669600ACBB36 /* DVBDvachCaptchaViewController.m in Sources */,
				E17DA0D824DBFC7900ABADFF /* DVBPostViewModel.swift in Sources */,
				A1FC04441E5A0FF3008C3577 /* DVBPostPreparation.m in Sources */,
				A1BDC0D61E6B656600ACBB36 /* DVBPostPhotoContainerView.m in Sources */,
				E185395E24C1794A00CB2D40 /* DVBNetworking.swift in Sources */,
				E1D855B22512047A00778AE9 /* NSNotification+DVBBookmarkThreadNotification.swift in Sources */,
				E1D855B4251205F000778AE9 /* DVBCaptchaHelper.swift in Sources */,
				E185396024C17ED100CB2D40 /* DVBCommon.swift in Sources */,
				A1BDC0D51E6B656600ACBB36 /* DVBPictureToSendPreviewImageView.m in Sources */,
				E11B9D6324BF4A040061E063 /* AppDelegate.swift in Sources */,
				E1F05E1D24D00CDB00D6D3EE /* DVBUrls.swift in Sources */,
				E1C99CEC24D7EC7100B88C94 /* UrlNinja.swift in Sources */,
				A1BDC0CB1E6B650400ACBB36 /* DVBAddPhotoIconImageViewContainer.m in Sources */,
			);
			runOnlyForDeploymentPostprocessing = 0;
		};
		84CFC51F19E1526E004D0BB8 /* Sources */ = {
			isa = PBXSourcesBuildPhase;
			buildActionMask = 2147483647;
			files = (
				A1D2897D1E631ED4000EEEB1 /* DVBNetworkImageFixerTests.m in Sources */,
				94E8E06D1B20CF88008761C6 /* DVBUrlNinjaTest.m in Sources */,
			);
			runOnlyForDeploymentPostprocessing = 0;
		};
/* End PBXSourcesBuildPhase section */

/* Begin PBXTargetDependency section */
		84CFC52519E1526E004D0BB8 /* PBXTargetDependency */ = {
			isa = PBXTargetDependency;
			target = 84CFC50919E1526E004D0BB8 /* dvach-browser */;
			targetProxy = 84CFC52419E1526E004D0BB8 /* PBXContainerItemProxy */;
		};
/* End PBXTargetDependency section */

/* Begin PBXVariantGroup section */
		84CFC51719E1526E004D0BB8 /* Main.storyboard */ = {
			isa = PBXVariantGroup;
			children = (
				84CFC51819E1526E004D0BB8 /* Base */,
			);
			name = Main.storyboard;
			sourceTree = "<group>";
		};
		9437FD271B90DFDF004FFB22 /* Localizable.strings */ = {
			isa = PBXVariantGroup;
			children = (
				9437FD261B90DFDF004FFB22 /* en */,
				9437FD281B90DFE2004FFB22 /* ru */,
			);
			name = Localizable.strings;
			sourceTree = "<group>";
		};
/* End PBXVariantGroup section */

/* Begin XCBuildConfiguration section */
		84CFC52B19E1526E004D0BB8 /* Debug */ = {
			isa = XCBuildConfiguration;
			buildSettings = {
				ALWAYS_SEARCH_USER_PATHS = NO;
				CLANG_CXX_LANGUAGE_STANDARD = "gnu++0x";
				CLANG_CXX_LIBRARY = "libc++";
				CLANG_ENABLE_MODULES = YES;
				CLANG_ENABLE_OBJC_ARC = YES;
				CLANG_WARN_BOOL_CONVERSION = YES;
				CLANG_WARN_CONSTANT_CONVERSION = YES;
				CLANG_WARN_DIRECT_OBJC_ISA_USAGE = YES_ERROR;
				CLANG_WARN_EMPTY_BODY = YES;
				CLANG_WARN_ENUM_CONVERSION = YES;
				CLANG_WARN_INT_CONVERSION = YES;
				CLANG_WARN_OBJC_ROOT_CLASS = YES_ERROR;
				CLANG_WARN_UNREACHABLE_CODE = YES;
				CLANG_WARN__DUPLICATE_METHOD_MATCH = YES;
				"CODE_SIGN_IDENTITY[sdk=iphoneos*]" = "iPhone Developer";
				COPY_PHASE_STRIP = NO;
				"DEBUG_INFORMATION_FORMAT[sdk=*]" = "dwarf-with-dsym";
				"DEBUG_INFORMATION_FORMAT[sdk=iphonesimulator*]" = dwarf;
				ENABLE_STRICT_OBJC_MSGSEND = YES;
				ENABLE_TESTABILITY = YES;
				GCC_C_LANGUAGE_STANDARD = gnu99;
				GCC_DYNAMIC_NO_PIC = NO;
				GCC_OPTIMIZATION_LEVEL = 0;
				GCC_PREPROCESSOR_DEFINITIONS = (
					"DEBUG=1",
					"$(inherited)",
				);
				GCC_SYMBOLS_PRIVATE_EXTERN = NO;
				GCC_WARN_64_TO_32_BIT_CONVERSION = YES;
				GCC_WARN_ABOUT_RETURN_TYPE = YES_ERROR;
				GCC_WARN_UNDECLARED_SELECTOR = YES;
				GCC_WARN_UNINITIALIZED_AUTOS = YES_AGGRESSIVE;
				GCC_WARN_UNUSED_FUNCTION = YES;
				GCC_WARN_UNUSED_VARIABLE = YES;
				IPHONEOS_DEPLOYMENT_TARGET = 8.2;
				MTL_ENABLE_DEBUG_INFO = YES;
				ONLY_ACTIVE_ARCH = YES;
				SDKROOT = iphoneos;
				TARGETED_DEVICE_FAMILY = "1,2";
			};
			name = Debug;
		};
		84CFC52C19E1526E004D0BB8 /* Release */ = {
			isa = XCBuildConfiguration;
			buildSettings = {
				ALWAYS_SEARCH_USER_PATHS = NO;
				CLANG_CXX_LANGUAGE_STANDARD = "gnu++0x";
				CLANG_CXX_LIBRARY = "libc++";
				CLANG_ENABLE_MODULES = YES;
				CLANG_ENABLE_OBJC_ARC = YES;
				CLANG_WARN_BOOL_CONVERSION = YES;
				CLANG_WARN_CONSTANT_CONVERSION = YES;
				CLANG_WARN_DIRECT_OBJC_ISA_USAGE = YES_ERROR;
				CLANG_WARN_EMPTY_BODY = YES;
				CLANG_WARN_ENUM_CONVERSION = YES;
				CLANG_WARN_INT_CONVERSION = YES;
				CLANG_WARN_OBJC_ROOT_CLASS = YES_ERROR;
				CLANG_WARN_UNREACHABLE_CODE = YES;
				CLANG_WARN__DUPLICATE_METHOD_MATCH = YES;
				"CODE_SIGN_IDENTITY[sdk=iphoneos*]" = "iPhone Developer";
				COPY_PHASE_STRIP = YES;
				ENABLE_NS_ASSERTIONS = NO;
				ENABLE_STRICT_OBJC_MSGSEND = YES;
				GCC_C_LANGUAGE_STANDARD = gnu99;
				GCC_WARN_64_TO_32_BIT_CONVERSION = YES;
				GCC_WARN_ABOUT_RETURN_TYPE = YES_ERROR;
				GCC_WARN_UNDECLARED_SELECTOR = YES;
				GCC_WARN_UNINITIALIZED_AUTOS = YES_AGGRESSIVE;
				GCC_WARN_UNUSED_FUNCTION = YES;
				GCC_WARN_UNUSED_VARIABLE = YES;
				IPHONEOS_DEPLOYMENT_TARGET = 8.2;
				MTL_ENABLE_DEBUG_INFO = NO;
				SDKROOT = iphoneos;
				TARGETED_DEVICE_FAMILY = "1,2";
				VALIDATE_PRODUCT = YES;
			};
			name = Release;
		};
		84CFC52E19E1526E004D0BB8 /* Debug */ = {
			isa = XCBuildConfiguration;
			baseConfigurationReference = 16E05AB79E8C2A1134B2FF61 /* Pods-BasePods-dvach-browser.debug.xcconfig */;
			buildSettings = {
				ASSETCATALOG_COMPILER_APPICON_NAME = AppIcon;
				CLANG_ENABLE_MODULES = YES;
				CODE_SIGN_IDENTITY = "iPhone Developer";
				"CODE_SIGN_IDENTITY[sdk=iphoneos*]" = "iPhone Developer";
				DEFINES_MODULE = YES;
				DEVELOPMENT_TEAM = 43U2VX82V2;
				ENABLE_BITCODE = NO;
				FRAMEWORK_SEARCH_PATHS = "$(inherited)";
				GCC_PRECOMPILE_PREFIX_HEADER = "$(inherited)";
				GCC_PREFIX_HEADER = "";
				INFOPLIST_FILE = "$(SRCROOT)/dvach-browser/Support/Info.plist";
				IPHONEOS_DEPLOYMENT_TARGET = 9.0;
				LD_RUNPATH_SEARCH_PATHS = "$(inherited)";
				PRODUCT_BUNDLE_IDENTIFIER = "com.capone.dvach-browser";
				PRODUCT_NAME = "$(TARGET_NAME)";
				PROVISIONING_PROFILE = "";
				SWIFT_OBJC_BRIDGING_HEADER = "dvach-browser/dvach-browser-Bridging-Header.h";
				SWIFT_OPTIMIZATION_LEVEL = "-Onone";
				SWIFT_VERSION = 5.0;
			};
			name = Debug;
		};
		84CFC52F19E1526E004D0BB8 /* Release */ = {
			isa = XCBuildConfiguration;
			baseConfigurationReference = E2FB6DBFA4B0E60C9DC1E905 /* Pods-BasePods-dvach-browser.release.xcconfig */;
			buildSettings = {
				ASSETCATALOG_COMPILER_APPICON_NAME = AppIcon;
				CLANG_ENABLE_MODULES = YES;
				CODE_SIGN_IDENTITY = "iPhone Developer";
				"CODE_SIGN_IDENTITY[sdk=iphoneos*]" = "iPhone Developer";
				DEFINES_MODULE = YES;
				DEVELOPMENT_TEAM = 43U2VX82V2;
				ENABLE_BITCODE = NO;
				FRAMEWORK_SEARCH_PATHS = "$(inherited)";
				GCC_PRECOMPILE_PREFIX_HEADER = "$(inherited)";
				GCC_PREFIX_HEADER = "";
				INFOPLIST_FILE = "$(SRCROOT)/dvach-browser/Support/Info.plist";
				IPHONEOS_DEPLOYMENT_TARGET = 9.0;
				LD_RUNPATH_SEARCH_PATHS = "$(inherited)";
				PRODUCT_BUNDLE_IDENTIFIER = "com.capone.dvach-browser";
				PRODUCT_NAME = "$(TARGET_NAME)";
				PROVISIONING_PROFILE = "";
				SWIFT_OBJC_BRIDGING_HEADER = "dvach-browser/dvach-browser-Bridging-Header.h";
				SWIFT_VERSION = 5.0;
			};
			name = Release;
		};
		84CFC53119E1526E004D0BB8 /* Debug */ = {
			isa = XCBuildConfiguration;
			baseConfigurationReference = E1D12AA839B911E09F2CB2B6 /* Pods-BasePods-dvach-browserTests.debug.xcconfig */;
			buildSettings = {
				ALWAYS_EMBED_SWIFT_STANDARD_LIBRARIES = YES;
				BUNDLE_LOADER = "$(TEST_HOST)";
				FRAMEWORK_SEARCH_PATHS = (
					"$(SDKROOT)/Developer/Library/Frameworks",
					"$(inherited)",
				);
				GCC_PREPROCESSOR_DEFINITIONS = (
					"DEBUG=1",
					"$(inherited)",
				);
				INFOPLIST_FILE = "dvach-browserTests/Info.plist";
				LD_RUNPATH_SEARCH_PATHS = "$(inherited)";
				PRODUCT_BUNDLE_IDENTIFIER = "com.8of.$(PRODUCT_NAME:rfc1034identifier)";
				PRODUCT_NAME = "$(TARGET_NAME)";
				TEST_HOST = "$(BUILT_PRODUCTS_DIR)/dvach-browser.app/dvach-browser";
			};
			name = Debug;
		};
		84CFC53219E1526E004D0BB8 /* Release */ = {
			isa = XCBuildConfiguration;
			baseConfigurationReference = F1530ABC30D521863753555A /* Pods-BasePods-dvach-browserTests.release.xcconfig */;
			buildSettings = {
				ALWAYS_EMBED_SWIFT_STANDARD_LIBRARIES = YES;
				BUNDLE_LOADER = "$(TEST_HOST)";
				FRAMEWORK_SEARCH_PATHS = (
					"$(SDKROOT)/Developer/Library/Frameworks",
					"$(inherited)",
				);
				INFOPLIST_FILE = "dvach-browserTests/Info.plist";
				LD_RUNPATH_SEARCH_PATHS = "$(inherited)";
				PRODUCT_BUNDLE_IDENTIFIER = "com.8of.$(PRODUCT_NAME:rfc1034identifier)";
				PRODUCT_NAME = "$(TARGET_NAME)";
				TEST_HOST = "$(BUILT_PRODUCTS_DIR)/dvach-browser.app/dvach-browser";
			};
			name = Release;
		};
/* End XCBuildConfiguration section */

/* Begin XCConfigurationList section */
		84CFC50519E1526E004D0BB8 /* Build configuration list for PBXProject "dvach-browser" */ = {
			isa = XCConfigurationList;
			buildConfigurations = (
				84CFC52B19E1526E004D0BB8 /* Debug */,
				84CFC52C19E1526E004D0BB8 /* Release */,
			);
			defaultConfigurationIsVisible = 0;
			defaultConfigurationName = Release;
		};
		84CFC52D19E1526E004D0BB8 /* Build configuration list for PBXNativeTarget "dvach-browser" */ = {
			isa = XCConfigurationList;
			buildConfigurations = (
				84CFC52E19E1526E004D0BB8 /* Debug */,
				84CFC52F19E1526E004D0BB8 /* Release */,
			);
			defaultConfigurationIsVisible = 0;
			defaultConfigurationName = Release;
		};
		84CFC53019E1526E004D0BB8 /* Build configuration list for PBXNativeTarget "dvach-browserTests" */ = {
			isa = XCConfigurationList;
			buildConfigurations = (
				84CFC53119E1526E004D0BB8 /* Debug */,
				84CFC53219E1526E004D0BB8 /* Release */,
			);
			defaultConfigurationIsVisible = 0;
			defaultConfigurationName = Release;
		};
/* End XCConfigurationList section */

/* Begin XCVersionGroup section */
		9432BEF41AC821B40015CA9F /* dvach-browser.xcdatamodeld */ = {
			isa = XCVersionGroup;
			children = (
				9432BEF51AC821B40015CA9F /* dvach-browser.xcdatamodel */,
			);
			currentVersion = 9432BEF51AC821B40015CA9F /* dvach-browser.xcdatamodel */;
			path = "dvach-browser.xcdatamodeld";
			sourceTree = "<group>";
			versionGroupType = wrapper.xcdatamodel;
		};
/* End XCVersionGroup section */
	};
	rootObject = 84CFC50219E1526E004D0BB8 /* Project object */;
}
